// !$*UTF8*$!
{
	archiveVersion = 1;
	classes = {
	};
	objectVersion = 42;
	objects = {

/* Begin PBXBuildFile section */
		3D0319AC0B18033A00B4DD61 /* WebKit.framework in Frameworks */ = {isa = PBXBuildFile; fileRef = 3D0319AB0B18033A00B4DD61 /* WebKit.framework */; };
		3D0444480B758EAE00F1BA8B /* cleficon.icns in Resources */ = {isa = PBXBuildFile; fileRef = 3D0444410B758EAE00F1BA8B /* cleficon.icns */; };
		3D0444490B758EAE00F1BA8B /* General.tiff in Resources */ = {isa = PBXBuildFile; fileRef = 3D0444420B758EAE00F1BA8B /* General.tiff */; };
		3D04444A0B758EAE00F1BA8B /* KeyboardIcon.tiff in Resources */ = {isa = PBXBuildFile; fileRef = 3D0444430B758EAE00F1BA8B /* KeyboardIcon.tiff */; };
		3D04444B0B758EAE00F1BA8B /* lastfm.icns in Resources */ = {isa = PBXBuildFile; fileRef = 3D0444440B758EAE00F1BA8B /* lastfm.icns */; };
		3D04444C0B758EAE00F1BA8B /* pandoraboy.icns in Resources */ = {isa = PBXBuildFile; fileRef = 3D0444450B758EAE00F1BA8B /* pandoraboy.icns */; };
		3D04444D0B758EAE00F1BA8B /* thumbs_down.png in Resources */ = {isa = PBXBuildFile; fileRef = 3D0444460B758EAE00F1BA8B /* thumbs_down.png */; };
		3D04444E0B758EAE00F1BA8B /* thumbs_up.png in Resources */ = {isa = PBXBuildFile; fileRef = 3D0444470B758EAE00F1BA8B /* thumbs_up.png */; };
		3D0609420AB0B654008DC718 /* AppleRemote.h in CopyFiles */ = {isa = PBXBuildFile; fileRef = 3D0609400AB0B653008DC718 /* AppleRemote.h */; };
		3D0609430AB0B654008DC718 /* AppleRemote.m in Sources */ = {isa = PBXBuildFile; fileRef = 3D0609410AB0B654008DC718 /* AppleRemote.m */; };
		3D0609E50AB0BA9C008DC718 /* IOKit.framework in Frameworks */ = {isa = PBXBuildFile; fileRef = 3D0609E40AB0BA9C008DC718 /* IOKit.framework */; };
		3D170EFC0B176AA800942A24 /* WebViewProxy.h in CopyFiles */ = {isa = PBXBuildFile; fileRef = 3D170EFA0B176AA800942A24 /* WebViewProxy.h */; };
		3D170EFD0B176AA800942A24 /* WebViewProxy.m in Sources */ = {isa = PBXBuildFile; fileRef = 3D170EFB0B176AA800942A24 /* WebViewProxy.m */; };
		3D170F3A0B176DFB00942A24 /* WebFrameProxy.h in CopyFiles */ = {isa = PBXBuildFile; fileRef = 3D170F380B176DFB00942A24 /* WebFrameProxy.h */; };
		3D170F3B0B176DFB00942A24 /* WebFrameProxy.m in Sources */ = {isa = PBXBuildFile; fileRef = 3D170F390B176DFB00942A24 /* WebFrameProxy.m */; };
		3D4400D00B758BC10022A3D7 /* CTGradient.h in CopyFiles */ = {isa = PBXBuildFile; fileRef = 3D4400C40B758BC10022A3D7 /* CTGradient.h */; };
		3D4400D10B758BC10022A3D7 /* CTGradient.m in Sources */ = {isa = PBXBuildFile; fileRef = 3D4400C50B758BC10022A3D7 /* CTGradient.m */; };
		3D4400D20B758BC10022A3D7 /* SRCommon.h in CopyFiles */ = {isa = PBXBuildFile; fileRef = 3D4400C60B758BC10022A3D7 /* SRCommon.h */; };
		3D4400D30B758BC10022A3D7 /* SRCommon.m in Sources */ = {isa = PBXBuildFile; fileRef = 3D4400C70B758BC10022A3D7 /* SRCommon.m */; };
		3D4400D40B758BC10022A3D7 /* SRKeyCodeTransformer.h in CopyFiles */ = {isa = PBXBuildFile; fileRef = 3D4400C80B758BC10022A3D7 /* SRKeyCodeTransformer.h */; };
		3D4400D50B758BC10022A3D7 /* SRKeyCodeTransformer.m in Sources */ = {isa = PBXBuildFile; fileRef = 3D4400C90B758BC10022A3D7 /* SRKeyCodeTransformer.m */; };
		3D4400D60B758BC10022A3D7 /* SRRecorderCell.h in CopyFiles */ = {isa = PBXBuildFile; fileRef = 3D4400CA0B758BC10022A3D7 /* SRRecorderCell.h */; };
		3D4400D70B758BC10022A3D7 /* SRRecorderCell.m in Sources */ = {isa = PBXBuildFile; fileRef = 3D4400CB0B758BC10022A3D7 /* SRRecorderCell.m */; };
		3D4400D80B758BC10022A3D7 /* SRRecorderControl.h in CopyFiles */ = {isa = PBXBuildFile; fileRef = 3D4400CC0B758BC10022A3D7 /* SRRecorderControl.h */; };
		3D4400D90B758BC10022A3D7 /* SRRecorderControl.m in Sources */ = {isa = PBXBuildFile; fileRef = 3D4400CD0B758BC10022A3D7 /* SRRecorderControl.m */; };
		3D4400DA0B758BC10022A3D7 /* SRValidator.h in CopyFiles */ = {isa = PBXBuildFile; fileRef = 3D4400CE0B758BC10022A3D7 /* SRValidator.h */; };
		3D4400DB0B758BC10022A3D7 /* SRValidator.m in Sources */ = {isa = PBXBuildFile; fileRef = 3D4400CF0B758BC10022A3D7 /* SRValidator.m */; };
		3D4400E10B758BE20022A3D7 /* SRRemoveShortcut.tif in Resources */ = {isa = PBXBuildFile; fileRef = 3D4400DD0B758BE20022A3D7 /* SRRemoveShortcut.tif */; };
		3D4400E20B758BE20022A3D7 /* SRRemoveShortcutPressed.tif in Resources */ = {isa = PBXBuildFile; fileRef = 3D4400DE0B758BE20022A3D7 /* SRRemoveShortcutPressed.tif */; };
		3D4400E30B758BE20022A3D7 /* SRRemoveShortcutRollover.tif in Resources */ = {isa = PBXBuildFile; fileRef = 3D4400DF0B758BE20022A3D7 /* SRRemoveShortcutRollover.tif */; };
		3D4400E40B758BE20022A3D7 /* SRSnapback.tiff in Resources */ = {isa = PBXBuildFile; fileRef = 3D4400E00B758BE20022A3D7 /* SRSnapback.tiff */; };
		3D693FA50AA1EDA600899D49 /* SongNotification.m in Sources */ = {isa = PBXBuildFile; fileRef = 3D693FA40AA1EDA600899D49 /* SongNotification.m */; };
		3D6942250AA378BF00899D49 /* Growl.framework in Frameworks */ = {isa = PBXBuildFile; fileRef = 3D6942240AA378BF00899D49 /* Growl.framework */; };
		3D6942310AA3791F00899D49 /* Growl.framework in CopyFiles */ = {isa = PBXBuildFile; fileRef = 3D6942240AA378BF00899D49 /* Growl.framework */; };
		3D6942420AA37A1300899D49 /* GrowlNotification.h in CopyFiles */ = {isa = PBXBuildFile; fileRef = 3D6942400AA37A1300899D49 /* GrowlNotification.h */; };
		3D6942430AA37A1300899D49 /* GrowlNotification.m in Sources */ = {isa = PBXBuildFile; fileRef = 3D6942410AA37A1300899D49 /* GrowlNotification.m */; };
		3D6942930AA3D89400899D49 /* PandoraControl.h in CopyFiles */ = {isa = PBXBuildFile; fileRef = 3D6942910AA3D89400899D49 /* PandoraControl.h */; };
		3D6942940AA3D89400899D49 /* PandoraControl.m in Sources */ = {isa = PBXBuildFile; fileRef = 3D6942920AA3D89400899D49 /* PandoraControl.m */; };
		3D6945310AAA19D300899D49 /* GlobalHotkey.h in CopyFiles */ = {isa = PBXBuildFile; fileRef = 3D69452F0AAA19D300899D49 /* GlobalHotkey.h */; };
		3D6945320AAA19D300899D49 /* GlobalHotkey.m in Sources */ = {isa = PBXBuildFile; fileRef = 3D6945300AAA19D300899D49 /* GlobalHotkey.m */; };
		3D6946920AAC908900899D49 /* keyboardVals.plist in Resources */ = {isa = PBXBuildFile; fileRef = 3D6946900AAC908900899D49 /* keyboardVals.plist */; };
		3D6946950AAC91DF00899D49 /* PreferenceController.h in CopyFiles */ = {isa = PBXBuildFile; fileRef = 3D6946930AAC91DF00899D49 /* PreferenceController.h */; };
		3D6946960AAC91DF00899D49 /* PreferenceController.m in Sources */ = {isa = PBXBuildFile; fileRef = 3D6946940AAC91DF00899D49 /* PreferenceController.m */; };
		3D7F771F0A9EB1DB004B0146 /* Controller.m in Sources */ = {isa = PBXBuildFile; fileRef = 3D7F771E0A9EB1DB004B0146 /* Controller.m */; };
		3DB581700ABB0155004452C3 /* Carbon.framework in Frameworks */ = {isa = PBXBuildFile; fileRef = 3DB5816F0ABB0155004452C3 /* Carbon.framework */; };
		3DBE1AFA0B76B37400DB83CA /* iTunesNextTrack.scpt in Resources */ = {isa = PBXBuildFile; fileRef = 3DBE1AF20B76B37400DB83CA /* iTunesNextTrack.scpt */; };
		3DBE1AFB0B76B37400DB83CA /* iTunesPlayPause.scpt in Resources */ = {isa = PBXBuildFile; fileRef = 3DBE1AF30B76B37400DB83CA /* iTunesPlayPause.scpt */; };
		3DBE1AFC0B76B37400DB83CA /* LowerVolume.scpt in Resources */ = {isa = PBXBuildFile; fileRef = 3DBE1AF40B76B37400DB83CA /* LowerVolume.scpt */; };
		3DBE1AFD0B76B37400DB83CA /* NextTrack.scpt in Resources */ = {isa = PBXBuildFile; fileRef = 3DBE1AF50B76B37400DB83CA /* NextTrack.scpt */; };
		3DBE1AFE0B76B37400DB83CA /* PlayPause.scpt in Resources */ = {isa = PBXBuildFile; fileRef = 3DBE1AF60B76B37400DB83CA /* PlayPause.scpt */; };
		3DBE1AFF0B76B37400DB83CA /* RaiseVolume.scpt in Resources */ = {isa = PBXBuildFile; fileRef = 3DBE1AF70B76B37400DB83CA /* RaiseVolume.scpt */; };
		3DBE1B000B76B37400DB83CA /* ThumbsDown.scpt in Resources */ = {isa = PBXBuildFile; fileRef = 3DBE1AF80B76B37400DB83CA /* ThumbsDown.scpt */; };
		3DBE1B010B76B37400DB83CA /* ThumbsUp.scpt in Resources */ = {isa = PBXBuildFile; fileRef = 3DBE1AF90B76B37400DB83CA /* ThumbsUp.scpt */; };
		3DDA24270B74F5D000F500BD /* Commands.h in CopyFiles */ = {isa = PBXBuildFile; fileRef = 3DDA24250B74F5D000F500BD /* Commands.h */; };
		3DDA24280B74F5D000F500BD /* Commands.m in Sources */ = {isa = PBXBuildFile; fileRef = 3DDA24260B74F5D000F500BD /* Commands.m */; };
		3DDA242F0B74F64E00F500BD /* PandoraBoy.sdef in Resources */ = {isa = PBXBuildFile; fileRef = 3DDA242E0B74F64E00F500BD /* PandoraBoy.sdef */; };
		8D11072A0486CEB800E47090 /* MainMenu.nib in Resources */ = {isa = PBXBuildFile; fileRef = 29B97318FDCFA39411CA2CEA /* MainMenu.nib */; };
		8D11072B0486CEB800E47090 /* InfoPlist.strings in Resources */ = {isa = PBXBuildFile; fileRef = 089C165CFE840E0CC02AAC07 /* InfoPlist.strings */; };
		8D11072D0486CEB800E47090 /* main.m in Sources */ = {isa = PBXBuildFile; fileRef = 29B97316FDCFA39411CA2CEA /* main.m */; settings = {ATTRIBUTES = (); }; };
		8D11072F0486CEB800E47090 /* Cocoa.framework in Frameworks */ = {isa = PBXBuildFile; fileRef = 1058C7A1FEA54F0111CA2CBB /* Cocoa.framework */; };
		FB3856AB0BC9919B005653C3 /* Localizable.strings in Resources */ = {isa = PBXBuildFile; fileRef = FB3856AA0BC9919B005653C3 /* Localizable.strings */; };
		FB3856B80BC993C9005653C3 /* Changelog.txt in Resources */ = {isa = PBXBuildFile; fileRef = FB3856B70BC993C9005653C3 /* Changelog.txt */; };
		FB3856EF0BC9973F005653C3 /* README.DNC.rtf in Resources */ = {isa = PBXBuildFile; fileRef = FB3856EE0BC9973F005653C3 /* README.DNC.rtf */; };
		FB4D23510BCB092700DCC767 /* README.Applescript.txt in Resources */ = {isa = PBXBuildFile; fileRef = FB4D23500BCB092700DCC767 /* README.Applescript.txt */; };
		FBC365050BC9C1490052A3A9 /* Track.h in CopyFiles */ = {isa = PBXBuildFile; fileRef = FBC365030BC9C1490052A3A9 /* Track.h */; };
		FBC365060BC9C1490052A3A9 /* Track.m in Sources */ = {isa = PBXBuildFile; fileRef = FBC365040BC9C1490052A3A9 /* Track.m */; };
/* End PBXBuildFile section */

/* Begin PBXCopyFilesBuildPhase section */
		3D6942280AA378EC00899D49 /* CopyFiles */ = {
			isa = PBXCopyFilesBuildPhase;
			buildActionMask = 2147483647;
			dstPath = "";
			dstSubfolderSpec = 10;
			files = (
				3D6942310AA3791F00899D49 /* Growl.framework in CopyFiles */,
				3D6942420AA37A1300899D49 /* GrowlNotification.h in CopyFiles */,
				3D6942930AA3D89400899D49 /* PandoraControl.h in CopyFiles */,
				3D6945310AAA19D300899D49 /* GlobalHotkey.h in CopyFiles */,
				3D6946950AAC91DF00899D49 /* PreferenceController.h in CopyFiles */,
				3D0609420AB0B654008DC718 /* AppleRemote.h in CopyFiles */,
				3D170EFC0B176AA800942A24 /* WebViewProxy.h in CopyFiles */,
				3D170F3A0B176DFB00942A24 /* WebFrameProxy.h in CopyFiles */,
				3DDA24270B74F5D000F500BD /* Commands.h in CopyFiles */,
				3D4400D00B758BC10022A3D7 /* CTGradient.h in CopyFiles */,
				3D4400D20B758BC10022A3D7 /* SRCommon.h in CopyFiles */,
				3D4400D40B758BC10022A3D7 /* SRKeyCodeTransformer.h in CopyFiles */,
				3D4400D60B758BC10022A3D7 /* SRRecorderCell.h in CopyFiles */,
				3D4400D80B758BC10022A3D7 /* SRRecorderControl.h in CopyFiles */,
				3D4400DA0B758BC10022A3D7 /* SRValidator.h in CopyFiles */,
				FBC365050BC9C1490052A3A9 /* Track.h in CopyFiles */,
			);
			runOnlyForDeploymentPostprocessing = 0;
		};
/* End PBXCopyFilesBuildPhase section */

/* Begin PBXFileReference section */
		089C165DFE840E0CC02AAC07 /* English */ = {isa = PBXFileReference; fileEncoding = 10; lastKnownFileType = text.plist.strings; name = English; path = English.lproj/InfoPlist.strings; sourceTree = "<group>"; };
		1058C7A1FEA54F0111CA2CBB /* Cocoa.framework */ = {isa = PBXFileReference; lastKnownFileType = wrapper.framework; name = Cocoa.framework; path = /System/Library/Frameworks/Cocoa.framework; sourceTree = "<absolute>"; };
		13E42FB307B3F0F600E4EEF1 /* CoreData.framework */ = {isa = PBXFileReference; lastKnownFileType = wrapper.framework; name = CoreData.framework; path = /System/Library/Frameworks/CoreData.framework; sourceTree = "<absolute>"; };
		29B97316FDCFA39411CA2CEA /* main.m */ = {isa = PBXFileReference; fileEncoding = 4; lastKnownFileType = sourcecode.c.objc; path = main.m; sourceTree = "<group>"; };
		29B97319FDCFA39411CA2CEA /* English */ = {isa = PBXFileReference; lastKnownFileType = wrapper.nib; name = English; path = English.lproj/MainMenu.nib; sourceTree = "<group>"; };
		29B97324FDCFA39411CA2CEA /* AppKit.framework */ = {isa = PBXFileReference; lastKnownFileType = wrapper.framework; name = AppKit.framework; path = /System/Library/Frameworks/AppKit.framework; sourceTree = "<absolute>"; };
		29B97325FDCFA39411CA2CEA /* Foundation.framework */ = {isa = PBXFileReference; lastKnownFileType = wrapper.framework; name = Foundation.framework; path = /System/Library/Frameworks/Foundation.framework; sourceTree = "<absolute>"; };
		32CA4F630368D1EE00C91783 /* PandoraBoy_Prefix.pch */ = {isa = PBXFileReference; fileEncoding = 4; lastKnownFileType = sourcecode.c.h; path = PandoraBoy_Prefix.pch; sourceTree = "<group>"; };
		3D0319AB0B18033A00B4DD61 /* WebKit.framework */ = {isa = PBXFileReference; lastKnownFileType = wrapper.framework; name = WebKit.framework; path = /Developer/SDKs/MacOSX10.4u.sdk/System/Library/Frameworks/WebKit.framework; sourceTree = "<absolute>"; };
		3D0444410B758EAE00F1BA8B /* cleficon.icns */ = {isa = PBXFileReference; lastKnownFileType = image.icns; name = cleficon.icns; path = images/cleficon.icns; sourceTree = "<group>"; };
		3D0444420B758EAE00F1BA8B /* General.tiff */ = {isa = PBXFileReference; lastKnownFileType = image.tiff; name = General.tiff; path = images/General.tiff; sourceTree = "<group>"; };
		3D0444430B758EAE00F1BA8B /* KeyboardIcon.tiff */ = {isa = PBXFileReference; lastKnownFileType = image.tiff; name = KeyboardIcon.tiff; path = images/KeyboardIcon.tiff; sourceTree = "<group>"; };
		3D0444440B758EAE00F1BA8B /* lastfm.icns */ = {isa = PBXFileReference; lastKnownFileType = image.icns; name = lastfm.icns; path = images/lastfm.icns; sourceTree = "<group>"; };
		3D0444450B758EAE00F1BA8B /* pandoraboy.icns */ = {isa = PBXFileReference; lastKnownFileType = image.icns; name = pandoraboy.icns; path = images/pandoraboy.icns; sourceTree = "<group>"; };
		3D0444460B758EAE00F1BA8B /* thumbs_down.png */ = {isa = PBXFileReference; lastKnownFileType = image.png; name = thumbs_down.png; path = images/thumbs_down.png; sourceTree = "<group>"; };
		3D0444470B758EAE00F1BA8B /* thumbs_up.png */ = {isa = PBXFileReference; lastKnownFileType = image.png; name = thumbs_up.png; path = images/thumbs_up.png; sourceTree = "<group>"; };
		3D0609400AB0B653008DC718 /* AppleRemote.h */ = {isa = PBXFileReference; fileEncoding = 30; lastKnownFileType = sourcecode.c.h; path = AppleRemote.h; sourceTree = "<group>"; };
		3D0609410AB0B654008DC718 /* AppleRemote.m */ = {isa = PBXFileReference; fileEncoding = 30; lastKnownFileType = sourcecode.c.objc; path = AppleRemote.m; sourceTree = "<group>"; };
		3D0609E40AB0BA9C008DC718 /* IOKit.framework */ = {isa = PBXFileReference; lastKnownFileType = wrapper.framework; name = IOKit.framework; path = /System/Library/Frameworks/IOKit.framework; sourceTree = "<absolute>"; };
		3D170EFA0B176AA800942A24 /* WebViewProxy.h */ = {isa = PBXFileReference; fileEncoding = 4; lastKnownFileType = sourcecode.c.h; path = WebViewProxy.h; sourceTree = "<group>"; };
		3D170EFB0B176AA800942A24 /* WebViewProxy.m */ = {isa = PBXFileReference; fileEncoding = 4; lastKnownFileType = sourcecode.c.objc; path = WebViewProxy.m; sourceTree = "<group>"; };
		3D170F380B176DFB00942A24 /* WebFrameProxy.h */ = {isa = PBXFileReference; fileEncoding = 4; lastKnownFileType = sourcecode.c.h; path = WebFrameProxy.h; sourceTree = "<group>"; };
		3D170F390B176DFB00942A24 /* WebFrameProxy.m */ = {isa = PBXFileReference; fileEncoding = 4; lastKnownFileType = sourcecode.c.objc; path = WebFrameProxy.m; sourceTree = "<group>"; };
		3D4400C40B758BC10022A3D7 /* CTGradient.h */ = {isa = PBXFileReference; fileEncoding = 30; lastKnownFileType = sourcecode.c.h; name = CTGradient.h; path = ShortcutRecorder/CTGradient.h; sourceTree = "<group>"; };
		3D4400C50B758BC10022A3D7 /* CTGradient.m */ = {isa = PBXFileReference; fileEncoding = 30; lastKnownFileType = sourcecode.c.objc; name = CTGradient.m; path = ShortcutRecorder/CTGradient.m; sourceTree = "<group>"; };
		3D4400C60B758BC10022A3D7 /* SRCommon.h */ = {isa = PBXFileReference; fileEncoding = 30; lastKnownFileType = sourcecode.c.h; name = SRCommon.h; path = ShortcutRecorder/SRCommon.h; sourceTree = "<group>"; };
		3D4400C70B758BC10022A3D7 /* SRCommon.m */ = {isa = PBXFileReference; fileEncoding = 30; lastKnownFileType = sourcecode.c.objc; name = SRCommon.m; path = ShortcutRecorder/SRCommon.m; sourceTree = "<group>"; };
		3D4400C80B758BC10022A3D7 /* SRKeyCodeTransformer.h */ = {isa = PBXFileReference; fileEncoding = 30; lastKnownFileType = sourcecode.c.h; name = SRKeyCodeTransformer.h; path = ShortcutRecorder/SRKeyCodeTransformer.h; sourceTree = "<group>"; };
		3D4400C90B758BC10022A3D7 /* SRKeyCodeTransformer.m */ = {isa = PBXFileReference; fileEncoding = 30; lastKnownFileType = sourcecode.c.objc; name = SRKeyCodeTransformer.m; path = ShortcutRecorder/SRKeyCodeTransformer.m; sourceTree = "<group>"; };
		3D4400CA0B758BC10022A3D7 /* SRRecorderCell.h */ = {isa = PBXFileReference; fileEncoding = 30; lastKnownFileType = sourcecode.c.h; name = SRRecorderCell.h; path = ShortcutRecorder/SRRecorderCell.h; sourceTree = "<group>"; };
		3D4400CB0B758BC10022A3D7 /* SRRecorderCell.m */ = {isa = PBXFileReference; fileEncoding = 30; lastKnownFileType = sourcecode.c.objc; name = SRRecorderCell.m; path = ShortcutRecorder/SRRecorderCell.m; sourceTree = "<group>"; };
		3D4400CC0B758BC10022A3D7 /* SRRecorderControl.h */ = {isa = PBXFileReference; fileEncoding = 30; lastKnownFileType = sourcecode.c.h; name = SRRecorderControl.h; path = ShortcutRecorder/SRRecorderControl.h; sourceTree = "<group>"; };
		3D4400CD0B758BC10022A3D7 /* SRRecorderControl.m */ = {isa = PBXFileReference; fileEncoding = 30; lastKnownFileType = sourcecode.c.objc; name = SRRecorderControl.m; path = ShortcutRecorder/SRRecorderControl.m; sourceTree = "<group>"; };
		3D4400CE0B758BC10022A3D7 /* SRValidator.h */ = {isa = PBXFileReference; fileEncoding = 30; lastKnownFileType = sourcecode.c.h; name = SRValidator.h; path = ShortcutRecorder/SRValidator.h; sourceTree = "<group>"; };
		3D4400CF0B758BC10022A3D7 /* SRValidator.m */ = {isa = PBXFileReference; fileEncoding = 30; lastKnownFileType = sourcecode.c.objc; name = SRValidator.m; path = ShortcutRecorder/SRValidator.m; sourceTree = "<group>"; };
		3D4400DD0B758BE20022A3D7 /* SRRemoveShortcut.tif */ = {isa = PBXFileReference; lastKnownFileType = image.tiff; name = SRRemoveShortcut.tif; path = ShortcutRecorder/images/SRRemoveShortcut.tif; sourceTree = "<group>"; };
		3D4400DE0B758BE20022A3D7 /* SRRemoveShortcutPressed.tif */ = {isa = PBXFileReference; lastKnownFileType = image.tiff; name = SRRemoveShortcutPressed.tif; path = ShortcutRecorder/images/SRRemoveShortcutPressed.tif; sourceTree = "<group>"; };
		3D4400DF0B758BE20022A3D7 /* SRRemoveShortcutRollover.tif */ = {isa = PBXFileReference; lastKnownFileType = image.tiff; name = SRRemoveShortcutRollover.tif; path = ShortcutRecorder/images/SRRemoveShortcutRollover.tif; sourceTree = "<group>"; };
		3D4400E00B758BE20022A3D7 /* SRSnapback.tiff */ = {isa = PBXFileReference; lastKnownFileType = image.tiff; name = SRSnapback.tiff; path = ShortcutRecorder/images/SRSnapback.tiff; sourceTree = "<group>"; };
		3D693FA30AA1EDA600899D49 /* SongNotification.h */ = {isa = PBXFileReference; fileEncoding = 4; lastKnownFileType = sourcecode.c.h; path = SongNotification.h; sourceTree = "<group>"; };
		3D693FA40AA1EDA600899D49 /* SongNotification.m */ = {isa = PBXFileReference; fileEncoding = 4; lastKnownFileType = sourcecode.c.objc; path = SongNotification.m; sourceTree = "<group>"; };
		3D6942240AA378BF00899D49 /* Growl.framework */ = {isa = PBXFileReference; explicitFileType = wrapper.framework; path = Growl.framework; sourceTree = "<group>"; };
		3D6942400AA37A1300899D49 /* GrowlNotification.h */ = {isa = PBXFileReference; fileEncoding = 4; lastKnownFileType = sourcecode.c.h; path = GrowlNotification.h; sourceTree = "<group>"; };
		3D6942410AA37A1300899D49 /* GrowlNotification.m */ = {isa = PBXFileReference; fileEncoding = 4; lastKnownFileType = sourcecode.c.objc; path = GrowlNotification.m; sourceTree = "<group>"; };
		3D6942910AA3D89400899D49 /* PandoraControl.h */ = {isa = PBXFileReference; fileEncoding = 4; lastKnownFileType = sourcecode.c.h; path = PandoraControl.h; sourceTree = "<group>"; };
		3D6942920AA3D89400899D49 /* PandoraControl.m */ = {isa = PBXFileReference; fileEncoding = 4; lastKnownFileType = sourcecode.c.objc; path = PandoraControl.m; sourceTree = "<group>"; };
		3D69452F0AAA19D300899D49 /* GlobalHotkey.h */ = {isa = PBXFileReference; fileEncoding = 4; lastKnownFileType = sourcecode.c.h; path = GlobalHotkey.h; sourceTree = "<group>"; };
		3D6945300AAA19D300899D49 /* GlobalHotkey.m */ = {isa = PBXFileReference; fileEncoding = 4; lastKnownFileType = sourcecode.c.objc; path = GlobalHotkey.m; sourceTree = "<group>"; };
		3D6946900AAC908900899D49 /* keyboardVals.plist */ = {isa = PBXFileReference; fileEncoding = 30; lastKnownFileType = text.xml; path = keyboardVals.plist; sourceTree = "<group>"; };
		3D6946930AAC91DF00899D49 /* PreferenceController.h */ = {isa = PBXFileReference; fileEncoding = 4; lastKnownFileType = sourcecode.c.h; path = PreferenceController.h; sourceTree = "<group>"; };
		3D6946940AAC91DF00899D49 /* PreferenceController.m */ = {isa = PBXFileReference; fileEncoding = 4; lastKnownFileType = sourcecode.c.objc; path = PreferenceController.m; sourceTree = "<group>"; };
		3D7F771D0A9EB1DB004B0146 /* Controller.h */ = {isa = PBXFileReference; fileEncoding = 4; lastKnownFileType = sourcecode.c.h; path = Controller.h; sourceTree = "<group>"; };
		3D7F771E0A9EB1DB004B0146 /* Controller.m */ = {isa = PBXFileReference; fileEncoding = 4; lastKnownFileType = sourcecode.c.objc; path = Controller.m; sourceTree = "<group>"; };
		3DB5816F0ABB0155004452C3 /* Carbon.framework */ = {isa = PBXFileReference; lastKnownFileType = wrapper.framework; name = Carbon.framework; path = /System/Library/Frameworks/Carbon.framework; sourceTree = "<absolute>"; };
		3DBE1AF20B76B37400DB83CA /* iTunesNextTrack.scpt */ = {isa = PBXFileReference; fileEncoding = 30; lastKnownFileType = sourcecode.scpt; name = iTunesNextTrack.scpt; path = Applescripts/iTunesNextTrack.scpt; sourceTree = "<group>"; };
		3DBE1AF30B76B37400DB83CA /* iTunesPlayPause.scpt */ = {isa = PBXFileReference; fileEncoding = 30; lastKnownFileType = sourcecode.scpt; name = iTunesPlayPause.scpt; path = Applescripts/iTunesPlayPause.scpt; sourceTree = "<group>"; };
		3DBE1AF40B76B37400DB83CA /* LowerVolume.scpt */ = {isa = PBXFileReference; fileEncoding = 30; lastKnownFileType = sourcecode.scpt; name = LowerVolume.scpt; path = Applescripts/LowerVolume.scpt; sourceTree = "<group>"; };
		3DBE1AF50B76B37400DB83CA /* NextTrack.scpt */ = {isa = PBXFileReference; fileEncoding = 30; lastKnownFileType = sourcecode.scpt; name = NextTrack.scpt; path = Applescripts/NextTrack.scpt; sourceTree = "<group>"; };
		3DBE1AF60B76B37400DB83CA /* PlayPause.scpt */ = {isa = PBXFileReference; fileEncoding = 30; lastKnownFileType = sourcecode.scpt; name = PlayPause.scpt; path = Applescripts/PlayPause.scpt; sourceTree = "<group>"; };
		3DBE1AF70B76B37400DB83CA /* RaiseVolume.scpt */ = {isa = PBXFileReference; fileEncoding = 30; lastKnownFileType = sourcecode.scpt; name = RaiseVolume.scpt; path = Applescripts/RaiseVolume.scpt; sourceTree = "<group>"; };
		3DBE1AF80B76B37400DB83CA /* ThumbsDown.scpt */ = {isa = PBXFileReference; fileEncoding = 30; lastKnownFileType = sourcecode.scpt; name = ThumbsDown.scpt; path = Applescripts/ThumbsDown.scpt; sourceTree = "<group>"; };
		3DBE1AF90B76B37400DB83CA /* ThumbsUp.scpt */ = {isa = PBXFileReference; fileEncoding = 30; lastKnownFileType = sourcecode.scpt; name = ThumbsUp.scpt; path = Applescripts/ThumbsUp.scpt; sourceTree = "<group>"; };
		3DDA24250B74F5D000F500BD /* Commands.h */ = {isa = PBXFileReference; fileEncoding = 30; lastKnownFileType = sourcecode.c.h; path = Commands.h; sourceTree = "<group>"; };
		3DDA24260B74F5D000F500BD /* Commands.m */ = {isa = PBXFileReference; fileEncoding = 30; lastKnownFileType = sourcecode.c.objc; path = Commands.m; sourceTree = "<group>"; };
		3DDA242E0B74F64E00F500BD /* PandoraBoy.sdef */ = {isa = PBXFileReference; explicitFileType = text.sdef; fileEncoding = 30; path = PandoraBoy.sdef; sourceTree = "<group>"; };
		8D1107310486CEB800E47090 /* Info.plist */ = {isa = PBXFileReference; fileEncoding = 4; lastKnownFileType = text.plist; path = Info.plist; sourceTree = "<group>"; };
		8D1107320486CEB800E47090 /* PandoraBoy.app */ = {isa = PBXFileReference; explicitFileType = wrapper.application; includeInIndex = 0; path = PandoraBoy.app; sourceTree = BUILT_PRODUCTS_DIR; };
		FB38569E0BC9913F005653C3 /* English */ = {isa = PBXFileReference; fileEncoding = 10; lastKnownFileType = text.plist.strings; name = English; path = English.lproj/Localizable.strings; sourceTree = "<group>"; };
		FB3856B70BC993C9005653C3 /* Changelog.txt */ = {isa = PBXFileReference; fileEncoding = 30; lastKnownFileType = text; path = Changelog.txt; sourceTree = "<group>"; };
		FB3856EE0BC9973F005653C3 /* README.DNC.rtf */ = {isa = PBXFileReference; lastKnownFileType = text.rtf; path = README.DNC.rtf; sourceTree = "<group>"; };
		FB4D23500BCB092700DCC767 /* README.Applescript.txt */ = {isa = PBXFileReference; fileEncoding = 4; lastKnownFileType = text; path = README.Applescript.txt; sourceTree = "<group>"; wrapsLines = 1; };
		FBC365030BC9C1490052A3A9 /* Track.h */ = {isa = PBXFileReference; fileEncoding = 4; lastKnownFileType = sourcecode.c.h; path = Track.h; sourceTree = "<group>"; };
		FBC365040BC9C1490052A3A9 /* Track.m */ = {isa = PBXFileReference; fileEncoding = 4; lastKnownFileType = sourcecode.c.objc; path = Track.m; sourceTree = "<group>"; };
/* End PBXFileReference section */

/* Begin PBXFrameworksBuildPhase section */
		8D11072E0486CEB800E47090 /* Frameworks */ = {
			isa = PBXFrameworksBuildPhase;
			buildActionMask = 2147483647;
			files = (
				8D11072F0486CEB800E47090 /* Cocoa.framework in Frameworks */,
				3D6942250AA378BF00899D49 /* Growl.framework in Frameworks */,
				3D0609E50AB0BA9C008DC718 /* IOKit.framework in Frameworks */,
				3DB581700ABB0155004452C3 /* Carbon.framework in Frameworks */,
				3D0319AC0B18033A00B4DD61 /* WebKit.framework in Frameworks */,
			);
			runOnlyForDeploymentPostprocessing = 0;
		};
/* End PBXFrameworksBuildPhase section */

/* Begin PBXGroup section */
		080E96DDFE201D6D7F000001 /* Classes */ = {
			isa = PBXGroup;
			children = (
				3DDA24250B74F5D000F500BD /* Commands.h */,
				3DDA24260B74F5D000F500BD /* Commands.m */,
				3D0609400AB0B653008DC718 /* AppleRemote.h */,
				3D0609410AB0B654008DC718 /* AppleRemote.m */,
				3D69452F0AAA19D300899D49 /* GlobalHotkey.h */,
				3D6945300AAA19D300899D49 /* GlobalHotkey.m */,
				3D7F771D0A9EB1DB004B0146 /* Controller.h */,
				3D7F771E0A9EB1DB004B0146 /* Controller.m */,
				3D693FA30AA1EDA600899D49 /* SongNotification.h */,
				3D693FA40AA1EDA600899D49 /* SongNotification.m */,
				3D6942910AA3D89400899D49 /* PandoraControl.h */,
				3D6942920AA3D89400899D49 /* PandoraControl.m */,
				3D6942400AA37A1300899D49 /* GrowlNotification.h */,
				3D6942410AA37A1300899D49 /* GrowlNotification.m */,
				32CA4F630368D1EE00C91783 /* PandoraBoy_Prefix.pch */,
				3D6946930AAC91DF00899D49 /* PreferenceController.h */,
				3D6946940AAC91DF00899D49 /* PreferenceController.m */,
				3D170EFA0B176AA800942A24 /* WebViewProxy.h */,
				3D170EFB0B176AA800942A24 /* WebViewProxy.m */,
				3D170F380B176DFB00942A24 /* WebFrameProxy.h */,
				3D170F390B176DFB00942A24 /* WebFrameProxy.m */,
				FBC365030BC9C1490052A3A9 /* Track.h */,
				FBC365040BC9C1490052A3A9 /* Track.m */,
			);
			name = Classes;
			sourceTree = "<group>";
		};
		1058C7A0FEA54F0111CA2CBB /* Linked Frameworks */ = {
			isa = PBXGroup;
			children = (
				3DB5816F0ABB0155004452C3 /* Carbon.framework */,
				1058C7A1FEA54F0111CA2CBB /* Cocoa.framework */,
			);
			name = "Linked Frameworks";
			sourceTree = "<group>";
		};
		1058C7A2FEA54F0111CA2CBB /* Other Frameworks */ = {
			isa = PBXGroup;
			children = (
				3D0609E40AB0BA9C008DC718 /* IOKit.framework */,
				29B97324FDCFA39411CA2CEA /* AppKit.framework */,
				13E42FB307B3F0F600E4EEF1 /* CoreData.framework */,
				29B97325FDCFA39411CA2CEA /* Foundation.framework */,
			);
			name = "Other Frameworks";
			sourceTree = "<group>";
		};
		19C28FACFE9D520D11CA2CBB /* Products */ = {
			isa = PBXGroup;
			children = (
				8D1107320486CEB800E47090 /* PandoraBoy.app */,
			);
			name = Products;
			sourceTree = "<group>";
		};
		29B97314FDCFA39411CA2CEA /* PandoraBoy */ = {
			isa = PBXGroup;
			children = (
				FB3856B60BC993B1005653C3 /* Documentation */,
				3DC9FC780B74FED200FF4370 /* Shortcut Recorder */,
				3DDA241D0B74F58800F500BD /* AppleScript */,
				080E96DDFE201D6D7F000001 /* Classes */,
				29B97315FDCFA39411CA2CEA /* Other Sources */,
				29B97317FDCFA39411CA2CEA /* Resources */,
				29B97323FDCFA39411CA2CEA /* Frameworks */,
				19C28FACFE9D520D11CA2CBB /* Products */,
			);
			name = PandoraBoy;
			sourceTree = "<group>";
		};
		29B97315FDCFA39411CA2CEA /* Other Sources */ = {
			isa = PBXGroup;
			children = (
				29B97316FDCFA39411CA2CEA /* main.m */,
			);
			name = "Other Sources";
			sourceTree = "<group>";
		};
		29B97317FDCFA39411CA2CEA /* Resources */ = {
			isa = PBXGroup;
			children = (
				FB3856AA0BC9919B005653C3 /* Localizable.strings */,
				3D0444410B758EAE00F1BA8B /* cleficon.icns */,
				3D0444420B758EAE00F1BA8B /* General.tiff */,
				3D0444430B758EAE00F1BA8B /* KeyboardIcon.tiff */,
				3D0444440B758EAE00F1BA8B /* lastfm.icns */,
				3D0444450B758EAE00F1BA8B /* pandoraboy.icns */,
				3D0444460B758EAE00F1BA8B /* thumbs_down.png */,
				3D0444470B758EAE00F1BA8B /* thumbs_up.png */,
				3DE84F240B755F9C00FD4979 /* ShortcutRecorder */,
				3D6946900AAC908900899D49 /* keyboardVals.plist */,
				8D1107310486CEB800E47090 /* Info.plist */,
				089C165CFE840E0CC02AAC07 /* InfoPlist.strings */,
				29B97318FDCFA39411CA2CEA /* MainMenu.nib */,
			);
			name = Resources;
			sourceTree = "<group>";
		};
		29B97323FDCFA39411CA2CEA /* Frameworks */ = {
			isa = PBXGroup;
			children = (
				3D0319AB0B18033A00B4DD61 /* WebKit.framework */,
				3D6942240AA378BF00899D49 /* Growl.framework */,
				1058C7A0FEA54F0111CA2CBB /* Linked Frameworks */,
				1058C7A2FEA54F0111CA2CBB /* Other Frameworks */,
			);
			name = Frameworks;
			sourceTree = "<group>";
		};
		3DC9FC780B74FED200FF4370 /* Shortcut Recorder */ = {
			isa = PBXGroup;
			children = (
				3D4400C40B758BC10022A3D7 /* CTGradient.h */,
				3D4400C50B758BC10022A3D7 /* CTGradient.m */,
				3D4400C60B758BC10022A3D7 /* SRCommon.h */,
				3D4400C70B758BC10022A3D7 /* SRCommon.m */,
				3D4400C80B758BC10022A3D7 /* SRKeyCodeTransformer.h */,
				3D4400C90B758BC10022A3D7 /* SRKeyCodeTransformer.m */,
				3D4400CA0B758BC10022A3D7 /* SRRecorderCell.h */,
				3D4400CB0B758BC10022A3D7 /* SRRecorderCell.m */,
				3D4400CC0B758BC10022A3D7 /* SRRecorderControl.h */,
				3D4400CD0B758BC10022A3D7 /* SRRecorderControl.m */,
				3D4400CE0B758BC10022A3D7 /* SRValidator.h */,
				3D4400CF0B758BC10022A3D7 /* SRValidator.m */,
			);
			name = "Shortcut Recorder";
			sourceTree = "<group>";
		};
		3DDA241D0B74F58800F500BD /* AppleScript */ = {
			isa = PBXGroup;
			children = (
				3DBE1AF20B76B37400DB83CA /* iTunesNextTrack.scpt */,
				3DBE1AF30B76B37400DB83CA /* iTunesPlayPause.scpt */,
				3DBE1AF40B76B37400DB83CA /* LowerVolume.scpt */,
				3DBE1AF50B76B37400DB83CA /* NextTrack.scpt */,
				3DBE1AF60B76B37400DB83CA /* PlayPause.scpt */,
				3DBE1AF70B76B37400DB83CA /* RaiseVolume.scpt */,
				3DBE1AF80B76B37400DB83CA /* ThumbsDown.scpt */,
				3DBE1AF90B76B37400DB83CA /* ThumbsUp.scpt */,
				3DDA242E0B74F64E00F500BD /* PandoraBoy.sdef */,
			);
			name = AppleScript;
			sourceTree = "<group>";
		};
		3DE84F240B755F9C00FD4979 /* ShortcutRecorder */ = {
			isa = PBXGroup;
			children = (
				3D4400DD0B758BE20022A3D7 /* SRRemoveShortcut.tif */,
				3D4400DE0B758BE20022A3D7 /* SRRemoveShortcutPressed.tif */,
				3D4400DF0B758BE20022A3D7 /* SRRemoveShortcutRollover.tif */,
				3D4400E00B758BE20022A3D7 /* SRSnapback.tiff */,
			);
			name = ShortcutRecorder;
			sourceTree = "<group>";
		};
		FB3856B60BC993B1005653C3 /* Documentation */ = {
			isa = PBXGroup;
			children = (
				FB3856EE0BC9973F005653C3 /* README.DNC.rtf */,
				FB3856B70BC993C9005653C3 /* Changelog.txt */,
				FB4D23500BCB092700DCC767 /* README.Applescript.txt */,
			);
			name = Documentation;
			sourceTree = "<group>";
		};
/* End PBXGroup section */

/* Begin PBXNativeTarget section */
		8D1107260486CEB800E47090 /* PandoraBoy */ = {
			isa = PBXNativeTarget;
			buildConfigurationList = C01FCF4A08A954540054247B /* Build configuration list for PBXNativeTarget "PandoraBoy" */;
			buildPhases = (
				8D1107290486CEB800E47090 /* Resources */,
				8D11072C0486CEB800E47090 /* Sources */,
				8D11072E0486CEB800E47090 /* Frameworks */,
				3D6942280AA378EC00899D49 /* CopyFiles */,
			);
			buildRules = (
			);
			dependencies = (
			);
			name = PandoraBoy;
			productInstallPath = "$(HOME)/Applications";
			productName = PandoraBoy;
			productReference = 8D1107320486CEB800E47090 /* PandoraBoy.app */;
			productType = "com.apple.product-type.application";
		};
/* End PBXNativeTarget section */

/* Begin PBXProject section */
		29B97313FDCFA39411CA2CEA /* Project object */ = {
			isa = PBXProject;
			buildConfigurationList = C01FCF4E08A954540054247B /* Build configuration list for PBXProject "PandoraBoy" */;
			hasScannedForEncodings = 1;
			mainGroup = 29B97314FDCFA39411CA2CEA /* PandoraBoy */;
			projectDirPath = "";
			targets = (
				8D1107260486CEB800E47090 /* PandoraBoy */,
			);
		};
/* End PBXProject section */

/* Begin PBXResourcesBuildPhase section */
		8D1107290486CEB800E47090 /* Resources */ = {
			isa = PBXResourcesBuildPhase;
			buildActionMask = 2147483647;
			files = (
				8D11072A0486CEB800E47090 /* MainMenu.nib in Resources */,
				8D11072B0486CEB800E47090 /* InfoPlist.strings in Resources */,
				3D6946920AAC908900899D49 /* keyboardVals.plist in Resources */,
				3DDA242F0B74F64E00F500BD /* PandoraBoy.sdef in Resources */,
				3D4400E10B758BE20022A3D7 /* SRRemoveShortcut.tif in Resources */,
				3D4400E20B758BE20022A3D7 /* SRRemoveShortcutPressed.tif in Resources */,
				3D4400E30B758BE20022A3D7 /* SRRemoveShortcutRollover.tif in Resources */,
				3D4400E40B758BE20022A3D7 /* SRSnapback.tiff in Resources */,
				3D0444480B758EAE00F1BA8B /* cleficon.icns in Resources */,
				3D0444490B758EAE00F1BA8B /* General.tiff in Resources */,
				3D04444A0B758EAE00F1BA8B /* KeyboardIcon.tiff in Resources */,
				3D04444B0B758EAE00F1BA8B /* lastfm.icns in Resources */,
				3D04444C0B758EAE00F1BA8B /* pandoraboy.icns in Resources */,
				3D04444D0B758EAE00F1BA8B /* thumbs_down.png in Resources */,
				3D04444E0B758EAE00F1BA8B /* thumbs_up.png in Resources */,
				FB3856AB0BC9919B005653C3 /* Localizable.strings in Resources */,
				FB3856B80BC993C9005653C3 /* Changelog.txt in Resources */,
				FB3856EF0BC9973F005653C3 /* README.DNC.rtf in Resources */,
				FB4D23510BCB092700DCC767 /* README.Applescript.txt in Resources */,
				3DBE1AFA0B76B37400DB83CA /* iTunesNextTrack.scpt in Resources */,
				3DBE1AFB0B76B37400DB83CA /* iTunesPlayPause.scpt in Resources */,
				3DBE1AFC0B76B37400DB83CA /* LowerVolume.scpt in Resources */,
				3DBE1AFD0B76B37400DB83CA /* NextTrack.scpt in Resources */,
				3DBE1AFE0B76B37400DB83CA /* PlayPause.scpt in Resources */,
				3DBE1AFF0B76B37400DB83CA /* RaiseVolume.scpt in Resources */,
				3DBE1B000B76B37400DB83CA /* ThumbsDown.scpt in Resources */,
				3DBE1B010B76B37400DB83CA /* ThumbsUp.scpt in Resources */,
			);
			runOnlyForDeploymentPostprocessing = 0;
		};
/* End PBXResourcesBuildPhase section */

/* Begin PBXSourcesBuildPhase section */
		8D11072C0486CEB800E47090 /* Sources */ = {
			isa = PBXSourcesBuildPhase;
			buildActionMask = 2147483647;
			files = (
				8D11072D0486CEB800E47090 /* main.m in Sources */,
				3D7F771F0A9EB1DB004B0146 /* Controller.m in Sources */,
				3D693FA50AA1EDA600899D49 /* SongNotification.m in Sources */,
				3D6942430AA37A1300899D49 /* GrowlNotification.m in Sources */,
				3D6942940AA3D89400899D49 /* PandoraControl.m in Sources */,
				3D6945320AAA19D300899D49 /* GlobalHotkey.m in Sources */,
				3D6946960AAC91DF00899D49 /* PreferenceController.m in Sources */,
				3D0609430AB0B654008DC718 /* AppleRemote.m in Sources */,
				3D170EFD0B176AA800942A24 /* WebViewProxy.m in Sources */,
				3D170F3B0B176DFB00942A24 /* WebFrameProxy.m in Sources */,
				3DDA24280B74F5D000F500BD /* Commands.m in Sources */,
				3D4400D10B758BC10022A3D7 /* CTGradient.m in Sources */,
				3D4400D30B758BC10022A3D7 /* SRCommon.m in Sources */,
				3D4400D50B758BC10022A3D7 /* SRKeyCodeTransformer.m in Sources */,
				3D4400D70B758BC10022A3D7 /* SRRecorderCell.m in Sources */,
				3D4400D90B758BC10022A3D7 /* SRRecorderControl.m in Sources */,
				3D4400DB0B758BC10022A3D7 /* SRValidator.m in Sources */,
				FBC365060BC9C1490052A3A9 /* Track.m in Sources */,
			);
			runOnlyForDeploymentPostprocessing = 0;
		};
/* End PBXSourcesBuildPhase section */

/* Begin PBXVariantGroup section */
		089C165CFE840E0CC02AAC07 /* InfoPlist.strings */ = {
			isa = PBXVariantGroup;
			children = (
				089C165DFE840E0CC02AAC07 /* English */,
			);
			name = InfoPlist.strings;
			sourceTree = "<group>";
		};
		29B97318FDCFA39411CA2CEA /* MainMenu.nib */ = {
			isa = PBXVariantGroup;
			children = (
				29B97319FDCFA39411CA2CEA /* English */,
			);
			name = MainMenu.nib;
			sourceTree = "<group>";
		};
		FB3856AA0BC9919B005653C3 /* Localizable.strings */ = {
			isa = PBXVariantGroup;
			children = (
				FB38569E0BC9913F005653C3 /* English */,
			);
			name = Localizable.strings;
			sourceTree = "<group>";
		};
/* End PBXVariantGroup section */

/* Begin XCBuildConfiguration section */
		C01FCF4B08A954540054247B /* Debug */ = {
			isa = XCBuildConfiguration;
			buildSettings = {
				COPY_PHASE_STRIP = NO;
				FRAMEWORK_SEARCH_PATHS = (
					"$(inherited)",
					"$(FRAMEWORK_SEARCH_PATHS_QUOTED_1)",
					"$(FRAMEWORK_SEARCH_PATHS_QUOTED_2)",
					"$(FRAMEWORK_SEARCH_PATHS_QUOTED_3)",
					"$(FRAMEWORK_SEARCH_PATHS_QUOTED_4)",
					"$(FRAMEWORK_SEARCH_PATHS_QUOTED_2)",
				);
				FRAMEWORK_SEARCH_PATHS_QUOTED_1 = "\"$(SRCROOT)\"";
				FRAMEWORK_SEARCH_PATHS_QUOTED_2 = "\"$(SYSTEM_DEVELOPER_DIR)/SDKs/MacOSX10.4u.sdk/System/Library/Frameworks\"";
				FRAMEWORK_SEARCH_PATHS_QUOTED_3 = "\"$(SYSTEM_DEVELOPER_DIR)/SDKs/MacOSX10.4u.sdk/System/Library/Frameworks\"";
				FRAMEWORK_SEARCH_PATHS_QUOTED_4 = "\"$(SYSTEM_DEVELOPER_DIR)/SDKs/MacOSX10.4u.sdk/System/Library/Frameworks\"";
				GCC_DYNAMIC_NO_PIC = NO;
				GCC_ENABLE_FIX_AND_CONTINUE = YES;
				GCC_ENABLE_OBJC_EXCEPTIONS = YES;
				GCC_MODEL_TUNING = G5;
				GCC_OPTIMIZATION_LEVEL = 0;
				GCC_TREAT_WARNINGS_AS_ERRORS = YES;
				INFOPLIST_FILE = Info.plist;
				INSTALL_PATH = "$(HOME)/Applications";
				LIBRARY_SEARCH_PATHS = (
					"$(inherited)",
					"$(LIBRARY_SEARCH_PATHS_QUOTED_1)",
				);
				LIBRARY_SEARCH_PATHS_QUOTED_1 = "\"$(SRCROOT)\"";
				OTHER_LDFLAGS = "-lcrypto";
				PRODUCT_NAME = PandoraBoy;
				WRAPPER_EXTENSION = app;
				ZERO_LINK = YES;
			};
			name = Debug;
		};
		C01FCF4C08A954540054247B /* Release */ = {
			isa = XCBuildConfiguration;
			buildSettings = {
				ARCHS = (
					ppc,
					i386,
				);
				FRAMEWORK_SEARCH_PATHS = (
					"$(inherited)",
					"$(FRAMEWORK_SEARCH_PATHS_QUOTED_1)",
					"$(FRAMEWORK_SEARCH_PATHS_QUOTED_2)",
					"$(FRAMEWORK_SEARCH_PATHS_QUOTED_3)",
					"$(FRAMEWORK_SEARCH_PATHS_QUOTED_4)",
					"$(FRAMEWORK_SEARCH_PATHS_QUOTED_2)",
				);
				FRAMEWORK_SEARCH_PATHS_QUOTED_1 = "\"$(SRCROOT)\"";
				FRAMEWORK_SEARCH_PATHS_QUOTED_2 = "\"$(SYSTEM_DEVELOPER_DIR)/SDKs/MacOSX10.4u.sdk/System/Library/Frameworks\"";
				FRAMEWORK_SEARCH_PATHS_QUOTED_3 = "\"$(SYSTEM_DEVELOPER_DIR)/SDKs/MacOSX10.4u.sdk/System/Library/Frameworks\"";
				FRAMEWORK_SEARCH_PATHS_QUOTED_4 = "\"$(SYSTEM_DEVELOPER_DIR)/SDKs/MacOSX10.4u.sdk/System/Library/Frameworks\"";
				GCC_ENABLE_OBJC_EXCEPTIONS = YES;
				GCC_GENERATE_DEBUGGING_SYMBOLS = NO;
				GCC_MODEL_TUNING = G5;
				GCC_TREAT_WARNINGS_AS_ERRORS = YES;
				GENERATE_MASTER_OBJECT_FILE = NO;
				INFOPLIST_FILE = Info.plist;
				INSTALL_PATH = "$(HOME)/Applications";
				LIBRARY_SEARCH_PATHS = (
					"$(inherited)",
					"$(LIBRARY_SEARCH_PATHS_QUOTED_1)",
				);
				LIBRARY_SEARCH_PATHS_QUOTED_1 = "\"$(SRCROOT)\"";
				OTHER_LDFLAGS = "-lcrypto";
				PRODUCT_NAME = PandoraBoy;
				WRAPPER_EXTENSION = app;
			};
			name = Release;
		};
		C01FCF4F08A954540054247B /* Debug */ = {
			isa = XCBuildConfiguration;
			buildSettings = {
				GCC_WARN_ABOUT_RETURN_TYPE = YES;
				GCC_WARN_UNUSED_VARIABLE = YES;
				PREBINDING = NO;
				SDKROOT = /Developer/SDKs/MacOSX10.4u.sdk;
			};
			name = Debug;
		};
		C01FCF5008A954540054247B /* Release */ = {
			isa = XCBuildConfiguration;
			buildSettings = {
				GCC_WARN_ABOUT_RETURN_TYPE = YES;
				GCC_WARN_UNUSED_VARIABLE = YES;
				PREBINDING = NO;
				SDKROOT = /Developer/SDKs/MacOSX10.4u.sdk;
			};
			name = Release;
		};
/* End XCBuildConfiguration section */

/* Begin XCConfigurationList section */
		C01FCF4A08A954540054247B /* Build configuration list for PBXNativeTarget "PandoraBoy" */ = {
			isa = XCConfigurationList;
			buildConfigurations = (
				C01FCF4B08A954540054247B /* Debug */,
				C01FCF4C08A954540054247B /* Release */,
			);
			defaultConfigurationIsVisible = 0;
			defaultConfigurationName = Release;
		};
		C01FCF4E08A954540054247B /* Build configuration list for PBXProject "PandoraBoy" */ = {
			isa = XCConfigurationList;
			buildConfigurations = (
				C01FCF4F08A954540054247B /* Debug */,
				C01FCF5008A954540054247B /* Release */,
			);
			defaultConfigurationIsVisible = 0;
			defaultConfigurationName = Release;
		};
/* End XCConfigurationList section */
	};
	rootObject = 29B97313FDCFA39411CA2CEA /* Project object */;
}
