// !$*UTF8*$!
{
	archiveVersion = 1;
	classes = {
	};
	objectVersion = 42;
	objects = {

/* Begin PBXBuildFile section */
		3D04444A0B758EAE00F1BA8B /* PreferencesHotkeys.tiff in Resources */ = {isa = PBXBuildFile; fileRef = 3D0444430B758EAE00F1BA8B /* PreferencesHotkeys.tiff */; };
		3D04444B0B758EAE00F1BA8B /* lastfm.icns in Resources */ = {isa = PBXBuildFile; fileRef = 3D0444440B758EAE00F1BA8B /* lastfm.icns */; };
		3D04444C0B758EAE00F1BA8B /* pandoraboy.icns in Resources */ = {isa = PBXBuildFile; fileRef = 3D0444450B758EAE00F1BA8B /* pandoraboy.icns */; };
		3D04444D0B758EAE00F1BA8B /* thumbs_down.png in Resources */ = {isa = PBXBuildFile; fileRef = 3D0444460B758EAE00F1BA8B /* thumbs_down.png */; };
		3D04444E0B758EAE00F1BA8B /* thumbs_up.png in Resources */ = {isa = PBXBuildFile; fileRef = 3D0444470B758EAE00F1BA8B /* thumbs_up.png */; };
		3D0609E50AB0BA9C008DC718 /* IOKit.framework in Frameworks */ = {isa = PBXBuildFile; fileRef = 3D0609E40AB0BA9C008DC718 /* IOKit.framework */; };
		3D4400D10B758BC10022A3D7 /* CTGradient.m in Sources */ = {isa = PBXBuildFile; fileRef = 3D4400C50B758BC10022A3D7 /* CTGradient.m */; };
		3D4400D30B758BC10022A3D7 /* SRCommon.m in Sources */ = {isa = PBXBuildFile; fileRef = 3D4400C70B758BC10022A3D7 /* SRCommon.m */; };
		3D4400D50B758BC10022A3D7 /* SRKeyCodeTransformer.m in Sources */ = {isa = PBXBuildFile; fileRef = 3D4400C90B758BC10022A3D7 /* SRKeyCodeTransformer.m */; };
		3D4400D70B758BC10022A3D7 /* SRRecorderCell.m in Sources */ = {isa = PBXBuildFile; fileRef = 3D4400CB0B758BC10022A3D7 /* SRRecorderCell.m */; };
		3D4400D90B758BC10022A3D7 /* SRRecorderControl.m in Sources */ = {isa = PBXBuildFile; fileRef = 3D4400CD0B758BC10022A3D7 /* SRRecorderControl.m */; };
		3D4400DB0B758BC10022A3D7 /* SRValidator.m in Sources */ = {isa = PBXBuildFile; fileRef = 3D4400CF0B758BC10022A3D7 /* SRValidator.m */; };
		3D6942250AA378BF00899D49 /* Growl.framework in Frameworks */ = {isa = PBXBuildFile; fileRef = 3D6942240AA378BF00899D49 /* Growl.framework */; };
		3D6942310AA3791F00899D49 /* Growl.framework in Copy Frameworks */ = {isa = PBXBuildFile; fileRef = 3D6942240AA378BF00899D49 /* Growl.framework */; };
		3D6942430AA37A1300899D49 /* GrowlNotification.m in Sources */ = {isa = PBXBuildFile; fileRef = 3D6942410AA37A1300899D49 /* GrowlNotification.m */; };
		3D6945320AAA19D300899D49 /* GlobalHotkey.m in Sources */ = {isa = PBXBuildFile; fileRef = 3D6945300AAA19D300899D49 /* GlobalHotkey.m */; };
		3D6946920AAC908900899D49 /* keyboardVals.plist in Resources */ = {isa = PBXBuildFile; fileRef = 3D6946900AAC908900899D49 /* keyboardVals.plist */; };
		3D6946960AAC91DF00899D49 /* PreferencesWindowController.m in Sources */ = {isa = PBXBuildFile; fileRef = 3D6946940AAC91DF00899D49 /* PreferencesWindowController.m */; };
		3D7F771F0A9EB1DB004B0146 /* Controller.m in Sources */ = {isa = PBXBuildFile; fileRef = 3D7F771E0A9EB1DB004B0146 /* Controller.m */; };
		3DB581700ABB0155004452C3 /* Carbon.framework in Frameworks */ = {isa = PBXBuildFile; fileRef = 3DB5816F0ABB0155004452C3 /* Carbon.framework */; };
		3DDA24280B74F5D000F500BD /* Commands.m in Sources */ = {isa = PBXBuildFile; fileRef = 3DDA24260B74F5D000F500BD /* Commands.m */; };
		3DDA242F0B74F64E00F500BD /* PandoraBoy.sdef in Resources */ = {isa = PBXBuildFile; fileRef = 3DDA242E0B74F64E00F500BD /* PandoraBoy.sdef */; };
		8D11072A0486CEB800E47090 /* MainMenu.nib in Resources */ = {isa = PBXBuildFile; fileRef = 29B97318FDCFA39411CA2CEA /* MainMenu.nib */; };
		8D11072B0486CEB800E47090 /* InfoPlist.strings in Resources */ = {isa = PBXBuildFile; fileRef = 089C165CFE840E0CC02AAC07 /* InfoPlist.strings */; };
		8D11072D0486CEB800E47090 /* main.m in Sources */ = {isa = PBXBuildFile; fileRef = 29B97316FDCFA39411CA2CEA /* main.m */; settings = {ATTRIBUTES = (); }; };
		8D11072F0486CEB800E47090 /* Cocoa.framework in Frameworks */ = {isa = PBXBuildFile; fileRef = 1058C7A1FEA54F0111CA2CBB /* Cocoa.framework */; };
		FB27A1BB0CFF03A80038475D /* AppleRemote.m in Sources */ = {isa = PBXBuildFile; fileRef = FB27A1B90CFF03A80038475D /* AppleRemote.m */; };
		FB27A2120CFF9D6C0038475D /* HIDRemoteControlDevice.m in Sources */ = {isa = PBXBuildFile; fileRef = FB27A2100CFF9D6C0038475D /* HIDRemoteControlDevice.m */; };
		FB27A2170CFF9DB90038475D /* RemoteControl.m in Sources */ = {isa = PBXBuildFile; fileRef = FB27A2150CFF9DB90038475D /* RemoteControl.m */; };
		FB3856AB0BC9919B005653C3 /* Localizable.strings in Resources */ = {isa = PBXBuildFile; fileRef = FB3856AA0BC9919B005653C3 /* Localizable.strings */; };
		FB4631400CFBA3500098407B /* ResourceURLProtocol.m in Sources */ = {isa = PBXBuildFile; fileRef = FB46313E0CFBA3500098407B /* ResourceURLProtocol.m */; };
		FB4632680CFBBE830098407B /* ResourceURL.m in Sources */ = {isa = PBXBuildFile; fileRef = FB4632660CFBBE830098407B /* ResourceURL.m */; };
		FB4F5F180D1617D3005523DA /* PreviousStation.scpt in Copy Scripts */ = {isa = PBXBuildFile; fileRef = FB4F5EEE0D15A106005523DA /* PreviousStation.scpt */; };
		FB4F5F190D1617D3005523DA /* NextStation.scpt in Copy Scripts */ = {isa = PBXBuildFile; fileRef = FB4F5EEC0D15A0FB005523DA /* NextStation.scpt */; };
		FB4F5F1A0D1617D3005523DA /* iTunesNextTrack.scpt in Copy Scripts */ = {isa = PBXBuildFile; fileRef = 3DBE1AF20B76B37400DB83CA /* iTunesNextTrack.scpt */; };
		FB4F5F1B0D1617D3005523DA /* iTunesPlayPause.scpt in Copy Scripts */ = {isa = PBXBuildFile; fileRef = 3DBE1AF30B76B37400DB83CA /* iTunesPlayPause.scpt */; };
		FB4F5F1C0D1617D3005523DA /* LowerVolume.scpt in Copy Scripts */ = {isa = PBXBuildFile; fileRef = 3DBE1AF40B76B37400DB83CA /* LowerVolume.scpt */; };
		FB4F5F1D0D1617D3005523DA /* NextTrack.scpt in Copy Scripts */ = {isa = PBXBuildFile; fileRef = 3DBE1AF50B76B37400DB83CA /* NextTrack.scpt */; };
		FB4F5F1E0D1617D3005523DA /* PlayPause.scpt in Copy Scripts */ = {isa = PBXBuildFile; fileRef = 3DBE1AF60B76B37400DB83CA /* PlayPause.scpt */; };
		FB4F5F1F0D1617D3005523DA /* RaiseVolume.scpt in Copy Scripts */ = {isa = PBXBuildFile; fileRef = 3DBE1AF70B76B37400DB83CA /* RaiseVolume.scpt */; };
		FB4F5F200D1617D3005523DA /* ThumbsDown.scpt in Copy Scripts */ = {isa = PBXBuildFile; fileRef = 3DBE1AF80B76B37400DB83CA /* ThumbsDown.scpt */; };
		FB4F5F210D1617D3005523DA /* ThumbsUp.scpt in Copy Scripts */ = {isa = PBXBuildFile; fileRef = 3DBE1AF90B76B37400DB83CA /* ThumbsUp.scpt */; };
		FB5301F50CF886650083F18C /* PlaylistURLProtocol.m in Sources */ = {isa = PBXBuildFile; fileRef = FB5301F30CF886650083F18C /* PlaylistURLProtocol.m */; };
		FB6192770D0C9B7A00667BF3 /* PlayerController.m in Sources */ = {isa = PBXBuildFile; fileRef = FB6192750D0C9B7A00667BF3 /* PlayerController.m */; };
		FB691B4A0D01F2B500B027ED /* Sparkle.framework in Frameworks */ = {isa = PBXBuildFile; fileRef = FB691B490D01F2B500B027ED /* Sparkle.framework */; };
		FB691B4E0D01F2C700B027ED /* Sparkle.framework in Copy Frameworks */ = {isa = PBXBuildFile; fileRef = FB691B490D01F2B500B027ED /* Sparkle.framework */; };
		FB6B5DE70CF9CA5600DEF3C9 /* SongNotification.html in Resources */ = {isa = PBXBuildFile; fileRef = FB6B5DE60CF9CA5600DEF3C9 /* SongNotification.html */; };
		FB732F540D203A97007E36B2 /* PandoraBoy.css in Resources */ = {isa = PBXBuildFile; fileRef = FB732F530D203A97007E36B2 /* PandoraBoy.css */; };
		FB7F67030D43A799009A6161 /* PBTrackInfoCrawlWidget.qtz in Resources */ = {isa = PBXBuildFile; fileRef = FB7F67010D43A769009A6161 /* PBTrackInfoCrawlWidget.qtz */; };
		FB7F67040D43A7A6009A6161 /* PBTrackInfoCrawlWidget.qtz in Copy Widgets */ = {isa = PBXBuildFile; fileRef = FB7F67010D43A769009A6161 /* PBTrackInfoCrawlWidget.qtz */; };
		FB7F67070D43A83E009A6161 /* QuartzComposer.framework in Frameworks */ = {isa = PBXBuildFile; fileRef = FB3592D60D22D33E0048A0EA /* QuartzComposer.framework */; };
		FB7F68110D443731009A6161 /* PandoraPreview.png in Resources */ = {isa = PBXBuildFile; fileRef = FB7F68100D443731009A6161 /* PandoraPreview.png */; };
		FB871DF40D28284E006711FE /* PBNotifications.h in Copy Frameworks */ = {isa = PBXBuildFile; fileRef = FB871DF30D28284E006711FE /* PBNotifications.h */; };
		FB8A81870D3C272700A985A6 /* PBNotifications.m in Sources */ = {isa = PBXBuildFile; fileRef = FB8A81790D3C26CD00A985A6 /* PBNotifications.m */; };
		FB8A81880D3C272700A985A6 /* PBView.m in Sources */ = {isa = PBXBuildFile; fileRef = FBD7E3EB0D3AD13D00AE1733 /* PBView.m */; };
		FB8A81920D3C27C300A985A6 /* PandoraBoyPlugin.framework in Frameworks */ = {isa = PBXBuildFile; fileRef = FB8A81800D3C26ED00A985A6 /* PandoraBoyPlugin.framework */; };
		FB8A81F50D3D0B0F00A985A6 /* Cocoa.framework in Frameworks */ = {isa = PBXBuildFile; fileRef = 1058C7A1FEA54F0111CA2CBB /* Cocoa.framework */; };
		FB936CB60D0108C9007AD10A /* ProxyURLProtocol.m in Sources */ = {isa = PBXBuildFile; fileRef = FB936CB40D0108C9007AD10A /* ProxyURLProtocol.m */; };
		FB936D6A0D01BB69007AD10A /* ArtworkURLProtocol.m in Sources */ = {isa = PBXBuildFile; fileRef = FB936D680D01BB69007AD10A /* ArtworkURLProtocol.m */; };
		FBA18D150CF5DEBF00CB424F /* PlaylistGuiController.m in Sources */ = {isa = PBXBuildFile; fileRef = FBA18D130CF5DEBF00CB424F /* PlaylistGuiController.m */; };
		FBA24C4B0D0B0329003F7B70 /* play.gif in Resources */ = {isa = PBXBuildFile; fileRef = FBA24C4A0D0B0329003F7B70 /* play.gif */; };
		FBA325F50D137B8500AD3D91 /* AppKit.framework in Frameworks */ = {isa = PBXBuildFile; fileRef = FBA325F40D137B8500AD3D91 /* AppKit.framework */; };
		FBA326A60D137BF700AD3D91 /* WebKit.framework in Frameworks */ = {isa = PBXBuildFile; fileRef = FBA326A50D137BF700AD3D91 /* WebKit.framework */; };
		FBA6A4350D42D8D20003234A /* FullScreenPreferencesController.m in Sources */ = {isa = PBXBuildFile; fileRef = FBA6A4340D42D8D20003234A /* FullScreenPreferencesController.m */; };
		FBAA777A0D0E33A6006C957B /* FeedbackURLProtocol.m in Sources */ = {isa = PBXBuildFile; fileRef = FBAA77780D0E33A6006C957B /* FeedbackURLProtocol.m */; };
		FBAE25A80D3D0BA300FA8277 /* PandoraBoyPlugin.framework in Copy Frameworks */ = {isa = PBXBuildFile; fileRef = FB8A81800D3C26ED00A985A6 /* PandoraBoyPlugin.framework */; };
		FBAE25DB0D3D0DA500FA8277 /* PandoraBoyPlugin-Info.plist in Resources */ = {isa = PBXBuildFile; fileRef = FB8A81810D3C26ED00A985A6 /* PandoraBoyPlugin-Info.plist */; };
		FBAE25F70D3D0F8F00FA8277 /* Black-Info.plist in Resources */ = {isa = PBXBuildFile; fileRef = FBAE25F20D3D0EC700FA8277 /* Black-Info.plist */; };
		FBAE25F80D3D0F9C00FA8277 /* PBViewBlack.m in Sources */ = {isa = PBXBuildFile; fileRef = FB8A81170D3C226B00A985A6 /* PBViewBlack.m */; };
		FBAE25FC0D3D0FBC00FA8277 /* PandoraBoyPlugin.framework in Frameworks */ = {isa = PBXBuildFile; fileRef = FB8A81800D3C26ED00A985A6 /* PandoraBoyPlugin.framework */; };
		FBAE26050D3D0FEF00FA8277 /* Black.pbview in Copy Plugins */ = {isa = PBXBuildFile; fileRef = FBAE25F00D3D0EC700FA8277 /* Black.pbview */; };
		FBBAD6000CFFAB59002F4A67 /* Credits.rtf in Resources */ = {isa = PBXBuildFile; fileRef = FBBAD5FF0CFFAB59002F4A67 /* Credits.rtf */; };
		FBC365060BC9C1490052A3A9 /* Track.m in Sources */ = {isa = PBXBuildFile; fileRef = FBC365040BC9C1490052A3A9 /* Track.m */; };
		FBC404330D039F0600B179F9 /* StationsURLProtocol.m in Sources */ = {isa = PBXBuildFile; fileRef = FBC404310D039F0600B179F9 /* StationsURLProtocol.m */; };
		FBC404460D03A22B00B179F9 /* StationList.m in Sources */ = {isa = PBXBuildFile; fileRef = FBC404440D03A22B00B179F9 /* StationList.m */; };
		FBC404520D03A31600B179F9 /* Station.m in Sources */ = {isa = PBXBuildFile; fileRef = FBC404500D03A31600B179F9 /* Station.m */; };
		FBC6878A0D3FF512002F42C4 /* PBFullScreenWindowController.m in Sources */ = {isa = PBXBuildFile; fileRef = FBC687890D3FF512002F42C4 /* PBFullScreenWindowController.m */; };
		FBCA06BB0D410DB70029D3B5 /* PreferencesHotkeys.nib in Resources */ = {isa = PBXBuildFile; fileRef = FBCA06BA0D410DB70029D3B5 /* PreferencesHotkeys.nib */; };
		FBCA07970D41C05C0029D3B5 /* PreferencesGeneral.nib in Resources */ = {isa = PBXBuildFile; fileRef = FBCA07960D41C05C0029D3B5 /* PreferencesGeneral.nib */; };
		FBCA079C0D41C09D0029D3B5 /* PreferencesFullScreen.nib in Resources */ = {isa = PBXBuildFile; fileRef = FBCA079B0D41C09D0029D3B5 /* PreferencesFullScreen.nib */; };
		FBCA08570D42B28C0029D3B5 /* PreferencesPaneController.m in Sources */ = {isa = PBXBuildFile; fileRef = FBCA08560D42B28C0029D3B5 /* PreferencesPaneController.m */; };
		FBCA08770D42B63C0029D3B5 /* Preferences.nib in Resources */ = {isa = PBXBuildFile; fileRef = FBCA08760D42B63C0029D3B5 /* Preferences.nib */; };
		FBD7E37C0D3AC60100AE1733 /* QuartzComposer.framework in Frameworks */ = {isa = PBXBuildFile; fileRef = FB3592D60D22D33E0048A0EA /* QuartzComposer.framework */; };
		FBDBAC560D0F196100476C66 /* DistributedNotification.m in Sources */ = {isa = PBXBuildFile; fileRef = FBDBAC540D0F196100476C66 /* DistributedNotification.m */; };
		FBF742030BD1C3AC007F85D5 /* Playlist.m in Sources */ = {isa = PBXBuildFile; fileRef = FBF742010BD1C3AC007F85D5 /* Playlist.m */; };
/* End PBXBuildFile section */

/* Begin PBXContainerItemProxy section */
		FB8A818C0D3C27AE00A985A6 /* PBXContainerItemProxy */ = {
			isa = PBXContainerItemProxy;
			containerPortal = 29B97313FDCFA39411CA2CEA /* Project object */;
			proxyType = 1;
			remoteGlobalIDString = FB8A817F0D3C26ED00A985A6;
			remoteInfo = PandoraBoyPlugin;
		};
		FBAE26000D3D0FE200FA8277 /* PBXContainerItemProxy */ = {
			isa = PBXContainerItemProxy;
			containerPortal = 29B97313FDCFA39411CA2CEA /* Project object */;
			proxyType = 1;
			remoteGlobalIDString = FB8A817F0D3C26ED00A985A6;
			remoteInfo = PandoraBoyPlugin;
		};
		FBAE26020D3D0FE700FA8277 /* PBXContainerItemProxy */ = {
			isa = PBXContainerItemProxy;
			containerPortal = 29B97313FDCFA39411CA2CEA /* Project object */;
			proxyType = 1;
			remoteGlobalIDString = FBAE25EF0D3D0EC700FA8277;
			remoteInfo = Black;
		};
/* End PBXContainerItemProxy section */

/* Begin PBXCopyFilesBuildPhase section */
		3D6942280AA378EC00899D49 /* Copy Frameworks */ = {
			isa = PBXCopyFilesBuildPhase;
			buildActionMask = 2147483647;
			dstPath = "";
			dstSubfolderSpec = 10;
			files = (
				FBAE25A80D3D0BA300FA8277 /* PandoraBoyPlugin.framework in Copy Frameworks */,
				FB691B4E0D01F2C700B027ED /* Sparkle.framework in Copy Frameworks */,
				3D6942310AA3791F00899D49 /* Growl.framework in Copy Frameworks */,
				FB871DF40D28284E006711FE /* PBNotifications.h in Copy Frameworks */,
			);
			name = "Copy Frameworks";
			runOnlyForDeploymentPostprocessing = 0;
		};
		FB3592640D22CCBC0048A0EA /* Copy Widgets */ = {
			isa = PBXCopyFilesBuildPhase;
			buildActionMask = 2147483647;
			dstPath = Widgets;
			dstSubfolderSpec = 13;
			files = (
				FB7F67040D43A7A6009A6161 /* PBTrackInfoCrawlWidget.qtz in Copy Widgets */,
			);
			name = "Copy Widgets";
			runOnlyForDeploymentPostprocessing = 0;
		};
		FB3D82CD0D21FC6A00F0A16D /* Copy Plugins */ = {
			isa = PBXCopyFilesBuildPhase;
			buildActionMask = 2147483647;
			dstPath = Views;
			dstSubfolderSpec = 13;
			files = (
				FBAE26050D3D0FEF00FA8277 /* Black.pbview in Copy Plugins */,
			);
			name = "Copy Plugins";
			runOnlyForDeploymentPostprocessing = 0;
		};
		FB4F5F060D16140C005523DA /* Copy Scripts */ = {
			isa = PBXCopyFilesBuildPhase;
			buildActionMask = 2147483647;
			dstPath = Scripts;
			dstSubfolderSpec = 7;
			files = (
				FB4F5F180D1617D3005523DA /* PreviousStation.scpt in Copy Scripts */,
				FB4F5F190D1617D3005523DA /* NextStation.scpt in Copy Scripts */,
				FB4F5F1A0D1617D3005523DA /* iTunesNextTrack.scpt in Copy Scripts */,
				FB4F5F1B0D1617D3005523DA /* iTunesPlayPause.scpt in Copy Scripts */,
				FB4F5F1C0D1617D3005523DA /* LowerVolume.scpt in Copy Scripts */,
				FB4F5F1D0D1617D3005523DA /* NextTrack.scpt in Copy Scripts */,
				FB4F5F1E0D1617D3005523DA /* PlayPause.scpt in Copy Scripts */,
				FB4F5F1F0D1617D3005523DA /* RaiseVolume.scpt in Copy Scripts */,
				FB4F5F200D1617D3005523DA /* ThumbsDown.scpt in Copy Scripts */,
				FB4F5F210D1617D3005523DA /* ThumbsUp.scpt in Copy Scripts */,
			);
			name = "Copy Scripts";
			runOnlyForDeploymentPostprocessing = 0;
		};
/* End PBXCopyFilesBuildPhase section */

/* Begin PBXFileReference section */
		089C165DFE840E0CC02AAC07 /* English */ = {isa = PBXFileReference; fileEncoding = 10; lastKnownFileType = text.plist.strings; name = English; path = English.lproj/InfoPlist.strings; sourceTree = "<group>"; };
		1058C7A1FEA54F0111CA2CBB /* Cocoa.framework */ = {isa = PBXFileReference; lastKnownFileType = wrapper.framework; name = Cocoa.framework; path = /System/Library/Frameworks/Cocoa.framework; sourceTree = "<absolute>"; };
		29B97316FDCFA39411CA2CEA /* main.m */ = {isa = PBXFileReference; fileEncoding = 4; lastKnownFileType = sourcecode.c.objc; path = main.m; sourceTree = "<group>"; };
		29B97319FDCFA39411CA2CEA /* English */ = {isa = PBXFileReference; lastKnownFileType = wrapper.nib; name = English; path = English.lproj/MainMenu.nib; sourceTree = "<group>"; };
		29B97325FDCFA39411CA2CEA /* Foundation.framework */ = {isa = PBXFileReference; lastKnownFileType = wrapper.framework; name = Foundation.framework; path = /System/Library/Frameworks/Foundation.framework; sourceTree = "<absolute>"; };
		32CA4F630368D1EE00C91783 /* PandoraBoy_Prefix.pch */ = {isa = PBXFileReference; fileEncoding = 4; lastKnownFileType = sourcecode.c.h; path = PandoraBoy_Prefix.pch; sourceTree = "<group>"; };
		3D0444430B758EAE00F1BA8B /* PreferencesHotkeys.tiff */ = {isa = PBXFileReference; lastKnownFileType = image.tiff; name = PreferencesHotkeys.tiff; path = images/PreferencesHotkeys.tiff; sourceTree = "<group>"; };
		3D0444440B758EAE00F1BA8B /* lastfm.icns */ = {isa = PBXFileReference; lastKnownFileType = image.icns; name = lastfm.icns; path = images/lastfm.icns; sourceTree = "<group>"; };
		3D0444450B758EAE00F1BA8B /* pandoraboy.icns */ = {isa = PBXFileReference; lastKnownFileType = image.icns; name = pandoraboy.icns; path = images/pandoraboy.icns; sourceTree = "<group>"; };
		3D0444460B758EAE00F1BA8B /* thumbs_down.png */ = {isa = PBXFileReference; lastKnownFileType = image.png; name = thumbs_down.png; path = images/thumbs_down.png; sourceTree = "<group>"; };
		3D0444470B758EAE00F1BA8B /* thumbs_up.png */ = {isa = PBXFileReference; lastKnownFileType = image.png; name = thumbs_up.png; path = images/thumbs_up.png; sourceTree = "<group>"; };
		3D0609E40AB0BA9C008DC718 /* IOKit.framework */ = {isa = PBXFileReference; lastKnownFileType = wrapper.framework; name = IOKit.framework; path = /System/Library/Frameworks/IOKit.framework; sourceTree = "<absolute>"; };
		3D4400C40B758BC10022A3D7 /* CTGradient.h */ = {isa = PBXFileReference; fileEncoding = 30; lastKnownFileType = sourcecode.c.h; name = CTGradient.h; path = ShortcutRecorder/CTGradient.h; sourceTree = "<group>"; };
		3D4400C50B758BC10022A3D7 /* CTGradient.m */ = {isa = PBXFileReference; fileEncoding = 30; lastKnownFileType = sourcecode.c.objc; name = CTGradient.m; path = ShortcutRecorder/CTGradient.m; sourceTree = "<group>"; };
		3D4400C60B758BC10022A3D7 /* SRCommon.h */ = {isa = PBXFileReference; fileEncoding = 30; lastKnownFileType = sourcecode.c.h; name = SRCommon.h; path = ShortcutRecorder/SRCommon.h; sourceTree = "<group>"; };
		3D4400C70B758BC10022A3D7 /* SRCommon.m */ = {isa = PBXFileReference; fileEncoding = 30; lastKnownFileType = sourcecode.c.objc; name = SRCommon.m; path = ShortcutRecorder/SRCommon.m; sourceTree = "<group>"; };
		3D4400C80B758BC10022A3D7 /* SRKeyCodeTransformer.h */ = {isa = PBXFileReference; fileEncoding = 30; lastKnownFileType = sourcecode.c.h; name = SRKeyCodeTransformer.h; path = ShortcutRecorder/SRKeyCodeTransformer.h; sourceTree = "<group>"; };
		3D4400C90B758BC10022A3D7 /* SRKeyCodeTransformer.m */ = {isa = PBXFileReference; fileEncoding = 30; lastKnownFileType = sourcecode.c.objc; name = SRKeyCodeTransformer.m; path = ShortcutRecorder/SRKeyCodeTransformer.m; sourceTree = "<group>"; };
		3D4400CA0B758BC10022A3D7 /* SRRecorderCell.h */ = {isa = PBXFileReference; fileEncoding = 30; lastKnownFileType = sourcecode.c.h; name = SRRecorderCell.h; path = ShortcutRecorder/SRRecorderCell.h; sourceTree = "<group>"; };
		3D4400CB0B758BC10022A3D7 /* SRRecorderCell.m */ = {isa = PBXFileReference; fileEncoding = 30; lastKnownFileType = sourcecode.c.objc; name = SRRecorderCell.m; path = ShortcutRecorder/SRRecorderCell.m; sourceTree = "<group>"; };
		3D4400CC0B758BC10022A3D7 /* SRRecorderControl.h */ = {isa = PBXFileReference; fileEncoding = 30; lastKnownFileType = sourcecode.c.h; name = SRRecorderControl.h; path = ShortcutRecorder/SRRecorderControl.h; sourceTree = "<group>"; };
		3D4400CD0B758BC10022A3D7 /* SRRecorderControl.m */ = {isa = PBXFileReference; fileEncoding = 30; lastKnownFileType = sourcecode.c.objc; name = SRRecorderControl.m; path = ShortcutRecorder/SRRecorderControl.m; sourceTree = "<group>"; };
		3D4400CE0B758BC10022A3D7 /* SRValidator.h */ = {isa = PBXFileReference; fileEncoding = 30; lastKnownFileType = sourcecode.c.h; name = SRValidator.h; path = ShortcutRecorder/SRValidator.h; sourceTree = "<group>"; };
		3D4400CF0B758BC10022A3D7 /* SRValidator.m */ = {isa = PBXFileReference; fileEncoding = 30; lastKnownFileType = sourcecode.c.objc; name = SRValidator.m; path = ShortcutRecorder/SRValidator.m; sourceTree = "<group>"; };
		3D6942240AA378BF00899D49 /* Growl.framework */ = {isa = PBXFileReference; explicitFileType = wrapper.framework; path = Growl.framework; sourceTree = "<group>"; };
		3D6942400AA37A1300899D49 /* GrowlNotification.h */ = {isa = PBXFileReference; fileEncoding = 4; lastKnownFileType = sourcecode.c.h; path = GrowlNotification.h; sourceTree = "<group>"; };
		3D6942410AA37A1300899D49 /* GrowlNotification.m */ = {isa = PBXFileReference; fileEncoding = 4; lastKnownFileType = sourcecode.c.objc; path = GrowlNotification.m; sourceTree = "<group>"; };
		3D69452F0AAA19D300899D49 /* GlobalHotkey.h */ = {isa = PBXFileReference; fileEncoding = 4; lastKnownFileType = sourcecode.c.h; path = GlobalHotkey.h; sourceTree = "<group>"; };
		3D6945300AAA19D300899D49 /* GlobalHotkey.m */ = {isa = PBXFileReference; fileEncoding = 4; lastKnownFileType = sourcecode.c.objc; path = GlobalHotkey.m; sourceTree = "<group>"; };
		3D6946900AAC908900899D49 /* keyboardVals.plist */ = {isa = PBXFileReference; fileEncoding = 30; lastKnownFileType = text.xml; path = keyboardVals.plist; sourceTree = "<group>"; };
		3D6946930AAC91DF00899D49 /* PreferencesWindowController.h */ = {isa = PBXFileReference; fileEncoding = 4; lastKnownFileType = sourcecode.c.h; path = PreferencesWindowController.h; sourceTree = "<group>"; };
		3D6946940AAC91DF00899D49 /* PreferencesWindowController.m */ = {isa = PBXFileReference; fileEncoding = 4; lastKnownFileType = sourcecode.c.objc; path = PreferencesWindowController.m; sourceTree = "<group>"; };
		3D7F771D0A9EB1DB004B0146 /* Controller.h */ = {isa = PBXFileReference; fileEncoding = 4; lastKnownFileType = sourcecode.c.h; path = Controller.h; sourceTree = "<group>"; };
		3D7F771E0A9EB1DB004B0146 /* Controller.m */ = {isa = PBXFileReference; fileEncoding = 4; lastKnownFileType = sourcecode.c.objc; path = Controller.m; sourceTree = "<group>"; wrapsLines = 0; };
		3DB5816F0ABB0155004452C3 /* Carbon.framework */ = {isa = PBXFileReference; lastKnownFileType = wrapper.framework; name = Carbon.framework; path = /System/Library/Frameworks/Carbon.framework; sourceTree = "<absolute>"; };
		3DBE1AF20B76B37400DB83CA /* iTunesNextTrack.scpt */ = {isa = PBXFileReference; fileEncoding = 30; lastKnownFileType = sourcecode.scpt; name = iTunesNextTrack.scpt; path = Applescripts/iTunesNextTrack.scpt; sourceTree = "<group>"; };
		3DBE1AF30B76B37400DB83CA /* iTunesPlayPause.scpt */ = {isa = PBXFileReference; fileEncoding = 30; lastKnownFileType = sourcecode.scpt; name = iTunesPlayPause.scpt; path = Applescripts/iTunesPlayPause.scpt; sourceTree = "<group>"; };
		3DBE1AF40B76B37400DB83CA /* LowerVolume.scpt */ = {isa = PBXFileReference; fileEncoding = 30; lastKnownFileType = sourcecode.scpt; name = LowerVolume.scpt; path = Applescripts/LowerVolume.scpt; sourceTree = "<group>"; };
		3DBE1AF50B76B37400DB83CA /* NextTrack.scpt */ = {isa = PBXFileReference; fileEncoding = 30; lastKnownFileType = sourcecode.scpt; name = NextTrack.scpt; path = Applescripts/NextTrack.scpt; sourceTree = "<group>"; };
		3DBE1AF60B76B37400DB83CA /* PlayPause.scpt */ = {isa = PBXFileReference; fileEncoding = 30; lastKnownFileType = sourcecode.scpt; name = PlayPause.scpt; path = Applescripts/PlayPause.scpt; sourceTree = "<group>"; };
		3DBE1AF70B76B37400DB83CA /* RaiseVolume.scpt */ = {isa = PBXFileReference; fileEncoding = 30; lastKnownFileType = sourcecode.scpt; name = RaiseVolume.scpt; path = Applescripts/RaiseVolume.scpt; sourceTree = "<group>"; };
		3DBE1AF80B76B37400DB83CA /* ThumbsDown.scpt */ = {isa = PBXFileReference; fileEncoding = 30; lastKnownFileType = sourcecode.scpt; name = ThumbsDown.scpt; path = Applescripts/ThumbsDown.scpt; sourceTree = "<group>"; };
		3DBE1AF90B76B37400DB83CA /* ThumbsUp.scpt */ = {isa = PBXFileReference; fileEncoding = 30; lastKnownFileType = sourcecode.scpt; name = ThumbsUp.scpt; path = Applescripts/ThumbsUp.scpt; sourceTree = "<group>"; };
		3DDA24250B74F5D000F500BD /* Commands.h */ = {isa = PBXFileReference; fileEncoding = 30; lastKnownFileType = sourcecode.c.h; path = Commands.h; sourceTree = "<group>"; };
		3DDA24260B74F5D000F500BD /* Commands.m */ = {isa = PBXFileReference; fileEncoding = 30; lastKnownFileType = sourcecode.c.objc; path = Commands.m; sourceTree = "<group>"; };
		3DDA242E0B74F64E00F500BD /* PandoraBoy.sdef */ = {isa = PBXFileReference; explicitFileType = text.sdef; fileEncoding = 30; path = PandoraBoy.sdef; sourceTree = "<group>"; };
		8D1107310486CEB800E47090 /* Info.plist */ = {isa = PBXFileReference; fileEncoding = 4; lastKnownFileType = text.plist; path = Info.plist; sourceTree = "<group>"; };
		8D1107320486CEB800E47090 /* PandoraBoy.app */ = {isa = PBXFileReference; explicitFileType = wrapper.application; includeInIndex = 0; path = PandoraBoy.app; sourceTree = BUILT_PRODUCTS_DIR; };
		FB27A1B80CFF03A80038475D /* AppleRemote.h */ = {isa = PBXFileReference; fileEncoding = 30; lastKnownFileType = sourcecode.c.h; name = AppleRemote.h; path = RemoteControlWrapper/AppleRemote.h; sourceTree = "<group>"; };
		FB27A1B90CFF03A80038475D /* AppleRemote.m */ = {isa = PBXFileReference; fileEncoding = 30; lastKnownFileType = sourcecode.c.objc; name = AppleRemote.m; path = RemoteControlWrapper/AppleRemote.m; sourceTree = "<group>"; };
		FB27A20F0CFF9D6C0038475D /* HIDRemoteControlDevice.h */ = {isa = PBXFileReference; fileEncoding = 30; lastKnownFileType = sourcecode.c.h; name = HIDRemoteControlDevice.h; path = RemoteControlWrapper/HIDRemoteControlDevice.h; sourceTree = "<group>"; };
		FB27A2100CFF9D6C0038475D /* HIDRemoteControlDevice.m */ = {isa = PBXFileReference; fileEncoding = 30; lastKnownFileType = sourcecode.c.objc; name = HIDRemoteControlDevice.m; path = RemoteControlWrapper/HIDRemoteControlDevice.m; sourceTree = "<group>"; };
		FB27A2140CFF9DB90038475D /* RemoteControl.h */ = {isa = PBXFileReference; fileEncoding = 30; lastKnownFileType = sourcecode.c.h; name = RemoteControl.h; path = RemoteControlWrapper/RemoteControl.h; sourceTree = "<group>"; };
		FB27A2150CFF9DB90038475D /* RemoteControl.m */ = {isa = PBXFileReference; fileEncoding = 30; lastKnownFileType = sourcecode.c.objc; name = RemoteControl.m; path = RemoteControlWrapper/RemoteControl.m; sourceTree = "<group>"; };
		FB3592D60D22D33E0048A0EA /* QuartzComposer.framework */ = {isa = PBXFileReference; lastKnownFileType = wrapper.framework; name = QuartzComposer.framework; path = /System/Library/Frameworks/Quartz.framework/Versions/A/Frameworks/QuartzComposer.framework; sourceTree = "<absolute>"; };
		FB38569E0BC9913F005653C3 /* English */ = {isa = PBXFileReference; fileEncoding = 10; lastKnownFileType = text.plist.strings; name = English; path = English.lproj/Localizable.strings; sourceTree = "<group>"; };
		FB3856B70BC993C9005653C3 /* Changelog.txt */ = {isa = PBXFileReference; fileEncoding = 30; lastKnownFileType = text; path = Changelog.txt; sourceTree = "<group>"; };
		FB3856EE0BC9973F005653C3 /* README.DNC.rtf */ = {isa = PBXFileReference; lastKnownFileType = text.rtf; path = README.DNC.rtf; sourceTree = "<group>"; };
		FB46313D0CFBA3500098407B /* ResourceURLProtocol.h */ = {isa = PBXFileReference; fileEncoding = 4; lastKnownFileType = sourcecode.c.h; path = ResourceURLProtocol.h; sourceTree = "<group>"; };
		FB46313E0CFBA3500098407B /* ResourceURLProtocol.m */ = {isa = PBXFileReference; fileEncoding = 4; lastKnownFileType = sourcecode.c.objc; path = ResourceURLProtocol.m; sourceTree = "<group>"; };
		FB4632650CFBBE830098407B /* ResourceURL.h */ = {isa = PBXFileReference; fileEncoding = 4; lastKnownFileType = sourcecode.c.h; path = ResourceURL.h; sourceTree = "<group>"; };
		FB4632660CFBBE830098407B /* ResourceURL.m */ = {isa = PBXFileReference; fileEncoding = 4; lastKnownFileType = sourcecode.c.objc; path = ResourceURL.m; sourceTree = "<group>"; };
		FB4D23500BCB092700DCC767 /* README.Applescript.txt */ = {isa = PBXFileReference; fileEncoding = 4; lastKnownFileType = text; path = README.Applescript.txt; sourceTree = "<group>"; wrapsLines = 1; };
		FB4F5EEC0D15A0FB005523DA /* NextStation.scpt */ = {isa = PBXFileReference; fileEncoding = 30; lastKnownFileType = sourcecode.scpt; name = NextStation.scpt; path = Applescripts/NextStation.scpt; sourceTree = "<group>"; };
		FB4F5EEE0D15A106005523DA /* PreviousStation.scpt */ = {isa = PBXFileReference; fileEncoding = 30; lastKnownFileType = sourcecode.scpt; name = PreviousStation.scpt; path = Applescripts/PreviousStation.scpt; sourceTree = "<group>"; };
		FB5301F20CF886650083F18C /* PlaylistURLProtocol.h */ = {isa = PBXFileReference; fileEncoding = 4; lastKnownFileType = sourcecode.c.h; path = PlaylistURLProtocol.h; sourceTree = "<group>"; };
		FB5301F30CF886650083F18C /* PlaylistURLProtocol.m */ = {isa = PBXFileReference; fileEncoding = 4; lastKnownFileType = sourcecode.c.objc; path = PlaylistURLProtocol.m; sourceTree = "<group>"; };
		FB6192740D0C9B7A00667BF3 /* PlayerController.h */ = {isa = PBXFileReference; fileEncoding = 4; lastKnownFileType = sourcecode.c.h; path = PlayerController.h; sourceTree = "<group>"; };
		FB6192750D0C9B7A00667BF3 /* PlayerController.m */ = {isa = PBXFileReference; fileEncoding = 4; lastKnownFileType = sourcecode.c.objc; path = PlayerController.m; sourceTree = "<group>"; };
		FB691B490D01F2B500B027ED /* Sparkle.framework */ = {isa = PBXFileReference; lastKnownFileType = wrapper.framework; path = Sparkle.framework; sourceTree = "<group>"; };
		FB6B5DE60CF9CA5600DEF3C9 /* SongNotification.html */ = {isa = PBXFileReference; fileEncoding = 30; lastKnownFileType = text.html; path = SongNotification.html; sourceTree = "<group>"; };
		FB6B5EED0CFA37F000DEF3C9 /* version_sparkle.xml */ = {isa = PBXFileReference; fileEncoding = 30; lastKnownFileType = text.xml; path = version_sparkle.xml; sourceTree = "<group>"; };
		FB732F530D203A97007E36B2 /* PandoraBoy.css */ = {isa = PBXFileReference; fileEncoding = 4; lastKnownFileType = text; path = PandoraBoy.css; sourceTree = "<group>"; };
		FB7F67010D43A769009A6161 /* PBTrackInfoCrawlWidget.qtz */ = {isa = PBXFileReference; lastKnownFileType = file; path = PBTrackInfoCrawlWidget.qtz; sourceTree = "<group>"; };
		FB7F68100D443731009A6161 /* PandoraPreview.png */ = {isa = PBXFileReference; lastKnownFileType = image.png; path = PandoraPreview.png; sourceTree = "<group>"; };
		FB871DF30D28284E006711FE /* PBNotifications.h */ = {isa = PBXFileReference; fileEncoding = 4; lastKnownFileType = sourcecode.c.h; path = PBNotifications.h; sourceTree = "<group>"; };
		FB8A81160D3C226B00A985A6 /* PBViewBlack.h */ = {isa = PBXFileReference; fileEncoding = 4; lastKnownFileType = sourcecode.c.h; path = PBViewBlack.h; sourceTree = "<group>"; };
		FB8A81170D3C226B00A985A6 /* PBViewBlack.m */ = {isa = PBXFileReference; fileEncoding = 4; lastKnownFileType = sourcecode.c.objc; path = PBViewBlack.m; sourceTree = "<group>"; };
		FB8A81790D3C26CD00A985A6 /* PBNotifications.m */ = {isa = PBXFileReference; fileEncoding = 4; lastKnownFileType = sourcecode.c.objc; path = PBNotifications.m; sourceTree = "<group>"; };
		FB8A81800D3C26ED00A985A6 /* PandoraBoyPlugin.framework */ = {isa = PBXFileReference; explicitFileType = wrapper.framework; includeInIndex = 0; path = PandoraBoyPlugin.framework; sourceTree = BUILT_PRODUCTS_DIR; };
		FB8A81810D3C26ED00A985A6 /* PandoraBoyPlugin-Info.plist */ = {isa = PBXFileReference; lastKnownFileType = text.xml; path = "PandoraBoyPlugin-Info.plist"; sourceTree = "<group>"; };
		FB936CB30D0108C9007AD10A /* ProxyURLProtocol.h */ = {isa = PBXFileReference; fileEncoding = 4; lastKnownFileType = sourcecode.c.h; path = ProxyURLProtocol.h; sourceTree = "<group>"; };
		FB936CB40D0108C9007AD10A /* ProxyURLProtocol.m */ = {isa = PBXFileReference; fileEncoding = 4; lastKnownFileType = sourcecode.c.objc; path = ProxyURLProtocol.m; sourceTree = "<group>"; };
		FB936D670D01BB69007AD10A /* ArtworkURLProtocol.h */ = {isa = PBXFileReference; fileEncoding = 4; lastKnownFileType = sourcecode.c.h; path = ArtworkURLProtocol.h; sourceTree = "<group>"; };
		FB936D680D01BB69007AD10A /* ArtworkURLProtocol.m */ = {isa = PBXFileReference; fileEncoding = 4; lastKnownFileType = sourcecode.c.objc; path = ArtworkURLProtocol.m; sourceTree = "<group>"; };
		FBA18D120CF5DEBF00CB424F /* PlaylistGuiController.h */ = {isa = PBXFileReference; fileEncoding = 30; lastKnownFileType = sourcecode.c.h; path = PlaylistGuiController.h; sourceTree = "<group>"; };
		FBA18D130CF5DEBF00CB424F /* PlaylistGuiController.m */ = {isa = PBXFileReference; fileEncoding = 30; lastKnownFileType = sourcecode.c.objc; path = PlaylistGuiController.m; sourceTree = "<group>"; };
		FBA24C4A0D0B0329003F7B70 /* play.gif */ = {isa = PBXFileReference; lastKnownFileType = image.gif; name = play.gif; path = images/play.gif; sourceTree = "<group>"; };
		FBA325F40D137B8500AD3D91 /* AppKit.framework */ = {isa = PBXFileReference; lastKnownFileType = wrapper.framework; name = AppKit.framework; path = /System/Library/Frameworks/AppKit.framework; sourceTree = "<absolute>"; };
		FBA326A50D137BF700AD3D91 /* WebKit.framework */ = {isa = PBXFileReference; lastKnownFileType = wrapper.framework; name = WebKit.framework; path = /System/Library/Frameworks/WebKit.framework; sourceTree = "<absolute>"; };
		FBA6A4330D42D8D20003234A /* FullScreenPreferencesController.h */ = {isa = PBXFileReference; fileEncoding = 4; lastKnownFileType = sourcecode.c.h; path = FullScreenPreferencesController.h; sourceTree = "<group>"; };
		FBA6A4340D42D8D20003234A /* FullScreenPreferencesController.m */ = {isa = PBXFileReference; fileEncoding = 4; lastKnownFileType = sourcecode.c.objc; path = FullScreenPreferencesController.m; sourceTree = "<group>"; };
		FBAA77770D0E33A6006C957B /* FeedbackURLProtocol.h */ = {isa = PBXFileReference; fileEncoding = 4; lastKnownFileType = sourcecode.c.h; path = FeedbackURLProtocol.h; sourceTree = "<group>"; };
		FBAA77780D0E33A6006C957B /* FeedbackURLProtocol.m */ = {isa = PBXFileReference; fileEncoding = 4; lastKnownFileType = sourcecode.c.objc; path = FeedbackURLProtocol.m; sourceTree = "<group>"; };
		FBAE25F00D3D0EC700FA8277 /* Black.pbview */ = {isa = PBXFileReference; explicitFileType = wrapper.cfbundle; includeInIndex = 0; path = Black.pbview; sourceTree = BUILT_PRODUCTS_DIR; };
		FBAE25F20D3D0EC700FA8277 /* Black-Info.plist */ = {isa = PBXFileReference; lastKnownFileType = text.xml; path = "Black-Info.plist"; sourceTree = "<group>"; };
		FBBAD5FF0CFFAB59002F4A67 /* Credits.rtf */ = {isa = PBXFileReference; lastKnownFileType = text.rtf; path = Credits.rtf; sourceTree = "<group>"; };
		FBC365030BC9C1490052A3A9 /* Track.h */ = {isa = PBXFileReference; fileEncoding = 4; lastKnownFileType = sourcecode.c.h; path = Track.h; sourceTree = "<group>"; };
		FBC365040BC9C1490052A3A9 /* Track.m */ = {isa = PBXFileReference; fileEncoding = 4; lastKnownFileType = sourcecode.c.objc; path = Track.m; sourceTree = "<group>"; };
		FBC404300D039F0600B179F9 /* StationsURLProtocol.h */ = {isa = PBXFileReference; fileEncoding = 4; lastKnownFileType = sourcecode.c.h; path = StationsURLProtocol.h; sourceTree = "<group>"; };
		FBC404310D039F0600B179F9 /* StationsURLProtocol.m */ = {isa = PBXFileReference; fileEncoding = 4; lastKnownFileType = sourcecode.c.objc; path = StationsURLProtocol.m; sourceTree = "<group>"; };
		FBC404430D03A22B00B179F9 /* StationList.h */ = {isa = PBXFileReference; fileEncoding = 4; lastKnownFileType = sourcecode.c.h; path = StationList.h; sourceTree = "<group>"; };
		FBC404440D03A22B00B179F9 /* StationList.m */ = {isa = PBXFileReference; fileEncoding = 4; lastKnownFileType = sourcecode.c.objc; path = StationList.m; sourceTree = "<group>"; };
		FBC4044F0D03A31600B179F9 /* Station.h */ = {isa = PBXFileReference; fileEncoding = 4; lastKnownFileType = sourcecode.c.h; path = Station.h; sourceTree = "<group>"; };
		FBC404500D03A31600B179F9 /* Station.m */ = {isa = PBXFileReference; fileEncoding = 4; lastKnownFileType = sourcecode.c.objc; path = Station.m; sourceTree = "<group>"; };
		FBC687880D3FF512002F42C4 /* PBFullScreenWindowController.h */ = {isa = PBXFileReference; fileEncoding = 4; lastKnownFileType = sourcecode.c.h; path = PBFullScreenWindowController.h; sourceTree = "<group>"; };
		FBC687890D3FF512002F42C4 /* PBFullScreenWindowController.m */ = {isa = PBXFileReference; fileEncoding = 4; lastKnownFileType = sourcecode.c.objc; path = PBFullScreenWindowController.m; sourceTree = "<group>"; };
		FBCA06B80D410DA70029D3B5 /* English */ = {isa = PBXFileReference; lastKnownFileType = wrapper.nib; name = English; path = English.lproj/PreferencesHotkeys.nib; sourceTree = "<group>"; };
		FBCA07940D41C0490029D3B5 /* English */ = {isa = PBXFileReference; lastKnownFileType = wrapper.nib; name = English; path = English.lproj/PreferencesGeneral.nib; sourceTree = "<group>"; };
		FBCA07990D41C0910029D3B5 /* English */ = {isa = PBXFileReference; lastKnownFileType = wrapper.nib; name = English; path = English.lproj/PreferencesFullScreen.nib; sourceTree = "<group>"; };
		FBCA08550D42B28C0029D3B5 /* PreferencesPaneController.h */ = {isa = PBXFileReference; fileEncoding = 4; lastKnownFileType = sourcecode.c.h; path = PreferencesPaneController.h; sourceTree = "<group>"; };
		FBCA08560D42B28C0029D3B5 /* PreferencesPaneController.m */ = {isa = PBXFileReference; fileEncoding = 4; lastKnownFileType = sourcecode.c.objc; path = PreferencesPaneController.m; sourceTree = "<group>"; };
		FBCA08740D42B6330029D3B5 /* English */ = {isa = PBXFileReference; lastKnownFileType = wrapper.nib; name = English; path = English.lproj/Preferences.nib; sourceTree = "<group>"; };
		FBD7E3EA0D3AD13D00AE1733 /* PBView.h */ = {isa = PBXFileReference; fileEncoding = 4; lastKnownFileType = sourcecode.c.h; path = PBView.h; sourceTree = "<group>"; };
		FBD7E3EB0D3AD13D00AE1733 /* PBView.m */ = {isa = PBXFileReference; fileEncoding = 4; lastKnownFileType = sourcecode.c.objc; path = PBView.m; sourceTree = "<group>"; };
		FBDBAC530D0F196100476C66 /* DistributedNotification.h */ = {isa = PBXFileReference; fileEncoding = 4; lastKnownFileType = sourcecode.c.h; path = DistributedNotification.h; sourceTree = "<group>"; };
		FBDBAC540D0F196100476C66 /* DistributedNotification.m */ = {isa = PBXFileReference; fileEncoding = 4; lastKnownFileType = sourcecode.c.objc; path = DistributedNotification.m; sourceTree = "<group>"; };
		FBF742000BD1C3AC007F85D5 /* Playlist.h */ = {isa = PBXFileReference; fileEncoding = 4; lastKnownFileType = sourcecode.c.h; path = Playlist.h; sourceTree = "<group>"; };
		FBF742010BD1C3AC007F85D5 /* Playlist.m */ = {isa = PBXFileReference; fileEncoding = 4; lastKnownFileType = sourcecode.c.objc; path = Playlist.m; sourceTree = "<group>"; };
/* End PBXFileReference section */

/* Begin PBXFrameworksBuildPhase section */
		8D11072E0486CEB800E47090 /* Frameworks */ = {
			isa = PBXFrameworksBuildPhase;
			buildActionMask = 2147483647;
			files = (
				FB8A81920D3C27C300A985A6 /* PandoraBoyPlugin.framework in Frameworks */,
				FBD7E37C0D3AC60100AE1733 /* QuartzComposer.framework in Frameworks */,
				8D11072F0486CEB800E47090 /* Cocoa.framework in Frameworks */,
				3D6942250AA378BF00899D49 /* Growl.framework in Frameworks */,
				3D0609E50AB0BA9C008DC718 /* IOKit.framework in Frameworks */,
				3DB581700ABB0155004452C3 /* Carbon.framework in Frameworks */,
				FB691B4A0D01F2B500B027ED /* Sparkle.framework in Frameworks */,
				FBA325F50D137B8500AD3D91 /* AppKit.framework in Frameworks */,
				FBA326A60D137BF700AD3D91 /* WebKit.framework in Frameworks */,
			);
			runOnlyForDeploymentPostprocessing = 0;
		};
		FB8A817E0D3C26ED00A985A6 /* Frameworks */ = {
			isa = PBXFrameworksBuildPhase;
			buildActionMask = 2147483647;
			files = (
				FB8A81F50D3D0B0F00A985A6 /* Cocoa.framework in Frameworks */,
			);
			runOnlyForDeploymentPostprocessing = 0;
		};
		FBAE25EE0D3D0EC700FA8277 /* Frameworks */ = {
			isa = PBXFrameworksBuildPhase;
			buildActionMask = 2147483647;
			files = (
				FB7F67070D43A83E009A6161 /* QuartzComposer.framework in Frameworks */,
				FBAE25FC0D3D0FBC00FA8277 /* PandoraBoyPlugin.framework in Frameworks */,
			);
			runOnlyForDeploymentPostprocessing = 0;
		};
/* End PBXFrameworksBuildPhase section */

/* Begin PBXGroup section */
		080E96DDFE201D6D7F000001 /* Classes */ = {
			isa = PBXGroup;
			children = (
				FB61926F0D0C9A6900667BF3 /* Interfaces */,
				FB61925A0D0C955800667BF3 /* Model */,
				FB61925B0D0C956000667BF3 /* View */,
				FB61925C0D0C956600667BF3 /* Controller */,
				FB27A2130CFF9D750038475D /* RemoteControlWrapper */,
				FB936CB90D0108DD007AD10A /* URLProtocols */,
			);
			name = Classes;
			sourceTree = "<group>";
		};
		1058C7A0FEA54F0111CA2CBB /* Linked Frameworks */ = {
			isa = PBXGroup;
			children = (
				FB3592D60D22D33E0048A0EA /* QuartzComposer.framework */,
				FBA326A50D137BF700AD3D91 /* WebKit.framework */,
				3DB5816F0ABB0155004452C3 /* Carbon.framework */,
				1058C7A1FEA54F0111CA2CBB /* Cocoa.framework */,
			);
			name = "Linked Frameworks";
			sourceTree = "<group>";
		};
		1058C7A2FEA54F0111CA2CBB /* Other Frameworks */ = {
			isa = PBXGroup;
			children = (
				FBA325F40D137B8500AD3D91 /* AppKit.framework */,
				3D0609E40AB0BA9C008DC718 /* IOKit.framework */,
				29B97325FDCFA39411CA2CEA /* Foundation.framework */,
			);
			name = "Other Frameworks";
			sourceTree = "<group>";
		};
		19C28FACFE9D520D11CA2CBB /* Products */ = {
			isa = PBXGroup;
			children = (
				8D1107320486CEB800E47090 /* PandoraBoy.app */,
				FB8A81800D3C26ED00A985A6 /* PandoraBoyPlugin.framework */,
				FBAE25F00D3D0EC700FA8277 /* Black.pbview */,
			);
			name = Products;
			sourceTree = "<group>";
		};
		29B97314FDCFA39411CA2CEA /* PandoraBoy */ = {
			isa = PBXGroup;
			children = (
				FB3856B60BC993B1005653C3 /* Documentation */,
				3DC9FC780B74FED200FF4370 /* Shortcut Recorder */,
				3DDA241D0B74F58800F500BD /* Scripts */,
				FB871DF20D28283C006711FE /* Headers */,
				080E96DDFE201D6D7F000001 /* Classes */,
				FB3D82340D21DF8C00F0A16D /* PandoraBoyPlugin */,
				29B97315FDCFA39411CA2CEA /* Other Sources */,
				29B97317FDCFA39411CA2CEA /* Resources */,
				29B97323FDCFA39411CA2CEA /* Frameworks */,
				19C28FACFE9D520D11CA2CBB /* Products */,
				FB8A81810D3C26ED00A985A6 /* PandoraBoyPlugin-Info.plist */,
				FBAE25F20D3D0EC700FA8277 /* Black-Info.plist */,
			);
			name = PandoraBoy;
			sourceTree = "<group>";
		};
		29B97315FDCFA39411CA2CEA /* Other Sources */ = {
			isa = PBXGroup;
			children = (
				32CA4F630368D1EE00C91783 /* PandoraBoy_Prefix.pch */,
				29B97316FDCFA39411CA2CEA /* main.m */,
			);
			name = "Other Sources";
			sourceTree = "<group>";
		};
		29B97317FDCFA39411CA2CEA /* Resources */ = {
			isa = PBXGroup;
			children = (
				FB7F68100D443731009A6161 /* PandoraPreview.png */,
				FBA24C4A0D0B0329003F7B70 /* play.gif */,
				FB6B5DE60CF9CA5600DEF3C9 /* SongNotification.html */,
				FB732F530D203A97007E36B2 /* PandoraBoy.css */,
				FB3856AA0BC9919B005653C3 /* Localizable.strings */,
				3D0444430B758EAE00F1BA8B /* PreferencesHotkeys.tiff */,
				3D0444440B758EAE00F1BA8B /* lastfm.icns */,
				3D0444450B758EAE00F1BA8B /* pandoraboy.icns */,
				3D0444460B758EAE00F1BA8B /* thumbs_down.png */,
				3D0444470B758EAE00F1BA8B /* thumbs_up.png */,
				3D6946900AAC908900899D49 /* keyboardVals.plist */,
				8D1107310486CEB800E47090 /* Info.plist */,
				089C165CFE840E0CC02AAC07 /* InfoPlist.strings */,
				29B97318FDCFA39411CA2CEA /* MainMenu.nib */,
				FBCA08760D42B63C0029D3B5 /* Preferences.nib */,
				FBCA07960D41C05C0029D3B5 /* PreferencesGeneral.nib */,
				FBCA06BA0D410DB70029D3B5 /* PreferencesHotkeys.nib */,
				FBCA079B0D41C09D0029D3B5 /* PreferencesFullScreen.nib */,
			);
			name = Resources;
			sourceTree = "<group>";
		};
		29B97323FDCFA39411CA2CEA /* Frameworks */ = {
			isa = PBXGroup;
			children = (
				FB6B5EA70CF9EE9100DEF3C9 /* Third Party Frameworks */,
				1058C7A0FEA54F0111CA2CBB /* Linked Frameworks */,
				1058C7A2FEA54F0111CA2CBB /* Other Frameworks */,
			);
			name = Frameworks;
			sourceTree = "<group>";
		};
		3DC9FC780B74FED200FF4370 /* Shortcut Recorder */ = {
			isa = PBXGroup;
			children = (
				3D4400C40B758BC10022A3D7 /* CTGradient.h */,
				3D4400C50B758BC10022A3D7 /* CTGradient.m */,
				3D4400C60B758BC10022A3D7 /* SRCommon.h */,
				3D4400C70B758BC10022A3D7 /* SRCommon.m */,
				3D4400C80B758BC10022A3D7 /* SRKeyCodeTransformer.h */,
				3D4400C90B758BC10022A3D7 /* SRKeyCodeTransformer.m */,
				3D4400CA0B758BC10022A3D7 /* SRRecorderCell.h */,
				3D4400CB0B758BC10022A3D7 /* SRRecorderCell.m */,
				3D4400CC0B758BC10022A3D7 /* SRRecorderControl.h */,
				3D4400CD0B758BC10022A3D7 /* SRRecorderControl.m */,
				3D4400CE0B758BC10022A3D7 /* SRValidator.h */,
				3D4400CF0B758BC10022A3D7 /* SRValidator.m */,
			);
			name = "Shortcut Recorder";
			sourceTree = "<group>";
		};
		3DDA241D0B74F58800F500BD /* Scripts */ = {
			isa = PBXGroup;
			children = (
				FB4F5EEE0D15A106005523DA /* PreviousStation.scpt */,
				FB4F5EEC0D15A0FB005523DA /* NextStation.scpt */,
				3DBE1AF20B76B37400DB83CA /* iTunesNextTrack.scpt */,
				3DBE1AF30B76B37400DB83CA /* iTunesPlayPause.scpt */,
				3DBE1AF40B76B37400DB83CA /* LowerVolume.scpt */,
				3DBE1AF50B76B37400DB83CA /* NextTrack.scpt */,
				3DBE1AF60B76B37400DB83CA /* PlayPause.scpt */,
				3DBE1AF70B76B37400DB83CA /* RaiseVolume.scpt */,
				3DBE1AF80B76B37400DB83CA /* ThumbsDown.scpt */,
				3DBE1AF90B76B37400DB83CA /* ThumbsUp.scpt */,
				3DDA242E0B74F64E00F500BD /* PandoraBoy.sdef */,
			);
			name = Scripts;
			sourceTree = "<group>";
		};
		FB27A2130CFF9D750038475D /* RemoteControlWrapper */ = {
			isa = PBXGroup;
			children = (
				FB27A1B80CFF03A80038475D /* AppleRemote.h */,
				FB27A1B90CFF03A80038475D /* AppleRemote.m */,
				FB27A20F0CFF9D6C0038475D /* HIDRemoteControlDevice.h */,
				FB27A2100CFF9D6C0038475D /* HIDRemoteControlDevice.m */,
				FB27A2140CFF9DB90038475D /* RemoteControl.h */,
				FB27A2150CFF9DB90038475D /* RemoteControl.m */,
			);
			name = RemoteControlWrapper;
			sourceTree = "<group>";
		};
		FB3856B60BC993B1005653C3 /* Documentation */ = {
			isa = PBXGroup;
			children = (
				FB6B5EED0CFA37F000DEF3C9 /* version_sparkle.xml */,
				FB3856EE0BC9973F005653C3 /* README.DNC.rtf */,
				FB3856B70BC993C9005653C3 /* Changelog.txt */,
				FB4D23500BCB092700DCC767 /* README.Applescript.txt */,
				FBBAD5FF0CFFAB59002F4A67 /* Credits.rtf */,
			);
			name = Documentation;
			sourceTree = "<group>";
		};
		FB3D82340D21DF8C00F0A16D /* PandoraBoyPlugin */ = {
			isa = PBXGroup;
			children = (
				FB7F67000D43A741009A6161 /* Widgets */,
				FBC687880D3FF512002F42C4 /* PBFullScreenWindowController.h */,
				FBC687890D3FF512002F42C4 /* PBFullScreenWindowController.m */,
				FB871DF30D28284E006711FE /* PBNotifications.h */,
				FB8A81790D3C26CD00A985A6 /* PBNotifications.m */,
				FB8A81850D3C270600A985A6 /* PBView */,
			);
			name = PandoraBoyPlugin;
			sourceTree = "<group>";
		};
		FB61925A0D0C955800667BF3 /* Model */ = {
			isa = PBXGroup;
			children = (
				FBC365030BC9C1490052A3A9 /* Track.h */,
				FBC365040BC9C1490052A3A9 /* Track.m */,
				FBF742000BD1C3AC007F85D5 /* Playlist.h */,
				FBF742010BD1C3AC007F85D5 /* Playlist.m */,
				FBC4044F0D03A31600B179F9 /* Station.h */,
				FBC404500D03A31600B179F9 /* Station.m */,
				FBC404430D03A22B00B179F9 /* StationList.h */,
				FBC404440D03A22B00B179F9 /* StationList.m */,
			);
			name = Model;
			sourceTree = "<group>";
		};
		FB61925B0D0C956000667BF3 /* View */ = {
			isa = PBXGroup;
			children = (
			);
			name = View;
			sourceTree = "<group>";
		};
		FB61925C0D0C956600667BF3 /* Controller */ = {
			isa = PBXGroup;
			children = (
				3D7F771D0A9EB1DB004B0146 /* Controller.h */,
				3D7F771E0A9EB1DB004B0146 /* Controller.m */,
				FBA18D120CF5DEBF00CB424F /* PlaylistGuiController.h */,
				FBA18D130CF5DEBF00CB424F /* PlaylistGuiController.m */,
				FB6192740D0C9B7A00667BF3 /* PlayerController.h */,
				FB6192750D0C9B7A00667BF3 /* PlayerController.m */,
				3D6946930AAC91DF00899D49 /* PreferencesWindowController.h */,
				3D6946940AAC91DF00899D49 /* PreferencesWindowController.m */,
				FBCA08550D42B28C0029D3B5 /* PreferencesPaneController.h */,
				FBCA08560D42B28C0029D3B5 /* PreferencesPaneController.m */,
				FBA6A4330D42D8D20003234A /* FullScreenPreferencesController.h */,
				FBA6A4340D42D8D20003234A /* FullScreenPreferencesController.m */,
			);
			name = Controller;
			sourceTree = "<group>";
		};
		FB61926F0D0C9A6900667BF3 /* Interfaces */ = {
			isa = PBXGroup;
			children = (
				3DDA24250B74F5D000F500BD /* Commands.h */,
				3DDA24260B74F5D000F500BD /* Commands.m */,
				3D6942400AA37A1300899D49 /* GrowlNotification.h */,
				3D6942410AA37A1300899D49 /* GrowlNotification.m */,
				FBDBAC530D0F196100476C66 /* DistributedNotification.h */,
				FBDBAC540D0F196100476C66 /* DistributedNotification.m */,
				3D69452F0AAA19D300899D49 /* GlobalHotkey.h */,
				3D6945300AAA19D300899D49 /* GlobalHotkey.m */,
			);
			name = Interfaces;
			sourceTree = "<group>";
		};
		FB6B5EA70CF9EE9100DEF3C9 /* Third Party Frameworks */ = {
			isa = PBXGroup;
			children = (
				FB691B490D01F2B500B027ED /* Sparkle.framework */,
				3D6942240AA378BF00899D49 /* Growl.framework */,
			);
			name = "Third Party Frameworks";
			sourceTree = "<group>";
		};
		FB7F67000D43A741009A6161 /* Widgets */ = {
			isa = PBXGroup;
			children = (
				FB7F67010D43A769009A6161 /* PBTrackInfoCrawlWidget.qtz */,
			);
			name = Widgets;
			sourceTree = "<group>";
		};
		FB871DF20D28283C006711FE /* Headers */ = {
			isa = PBXGroup;
			children = (
			);
			name = Headers;
			sourceTree = "<group>";
		};
		FB8A81780D3C25FB00A985A6 /* Black */ = {
			isa = PBXGroup;
			children = (
				FB8A81160D3C226B00A985A6 /* PBViewBlack.h */,
				FB8A81170D3C226B00A985A6 /* PBViewBlack.m */,
			);
			name = Black;
			sourceTree = "<group>";
		};
		FB8A81850D3C270600A985A6 /* PBView */ = {
			isa = PBXGroup;
			children = (
				FBD7E3EA0D3AD13D00AE1733 /* PBView.h */,
				FBD7E3EB0D3AD13D00AE1733 /* PBView.m */,
				FB8A81780D3C25FB00A985A6 /* Black */,
			);
			name = PBView;
			sourceTree = "<group>";
		};
		FB936CB90D0108DD007AD10A /* URLProtocols */ = {
			isa = PBXGroup;
			children = (
				FB936CB30D0108C9007AD10A /* ProxyURLProtocol.h */,
				FB936CB40D0108C9007AD10A /* ProxyURLProtocol.m */,
				FB5301F20CF886650083F18C /* PlaylistURLProtocol.h */,
				FB5301F30CF886650083F18C /* PlaylistURLProtocol.m */,
				FB936D670D01BB69007AD10A /* ArtworkURLProtocol.h */,
				FB936D680D01BB69007AD10A /* ArtworkURLProtocol.m */,
				FB4632650CFBBE830098407B /* ResourceURL.h */,
				FB4632660CFBBE830098407B /* ResourceURL.m */,
				FB46313D0CFBA3500098407B /* ResourceURLProtocol.h */,
				FB46313E0CFBA3500098407B /* ResourceURLProtocol.m */,
				FBC404300D039F0600B179F9 /* StationsURLProtocol.h */,
				FBC404310D039F0600B179F9 /* StationsURLProtocol.m */,
				FBAA77770D0E33A6006C957B /* FeedbackURLProtocol.h */,
				FBAA77780D0E33A6006C957B /* FeedbackURLProtocol.m */,
			);
			name = URLProtocols;
			sourceTree = "<group>";
		};
/* End PBXGroup section */

/* Begin PBXHeadersBuildPhase section */
		FB8A817B0D3C26ED00A985A6 /* Headers */ = {
			isa = PBXHeadersBuildPhase;
			buildActionMask = 2147483647;
			files = (
			);
			runOnlyForDeploymentPostprocessing = 0;
		};
/* End PBXHeadersBuildPhase section */

/* Begin PBXNativeTarget section */
		8D1107260486CEB800E47090 /* PandoraBoy */ = {
			isa = PBXNativeTarget;
			buildConfigurationList = C01FCF4A08A954540054247B /* Build configuration list for PBXNativeTarget "PandoraBoy" */;
			buildPhases = (
				8D1107290486CEB800E47090 /* Resources */,
				8D11072C0486CEB800E47090 /* Sources */,
				3D6942280AA378EC00899D49 /* Copy Frameworks */,
				8D11072E0486CEB800E47090 /* Frameworks */,
				FB4F5F060D16140C005523DA /* Copy Scripts */,
				FB3D82CD0D21FC6A00F0A16D /* Copy Plugins */,
				FB3592640D22CCBC0048A0EA /* Copy Widgets */,
			);
			buildRules = (
			);
			dependencies = (
				FB8A818D0D3C27AE00A985A6 /* PBXTargetDependency */,
				FBAE26030D3D0FE700FA8277 /* PBXTargetDependency */,
			);
			name = PandoraBoy;
			productInstallPath = "$(HOME)/Applications";
			productName = PandoraBoy;
			productReference = 8D1107320486CEB800E47090 /* PandoraBoy.app */;
			productType = "com.apple.product-type.application";
		};
		FB8A817F0D3C26ED00A985A6 /* PandoraBoyPlugin */ = {
			isa = PBXNativeTarget;
			buildConfigurationList = FB8A81840D3C26EE00A985A6 /* Build configuration list for PBXNativeTarget "PandoraBoyPlugin" */;
			buildPhases = (
				FB8A817B0D3C26ED00A985A6 /* Headers */,
				FB8A817C0D3C26ED00A985A6 /* Resources */,
				FB8A817D0D3C26ED00A985A6 /* Sources */,
				FB8A817E0D3C26ED00A985A6 /* Frameworks */,
			);
			buildRules = (
			);
			dependencies = (
			);
			name = PandoraBoyPlugin;
			productName = PandoraBoyPlugin;
			productReference = FB8A81800D3C26ED00A985A6 /* PandoraBoyPlugin.framework */;
			productType = "com.apple.product-type.framework";
		};
		FBAE25EF0D3D0EC700FA8277 /* Black */ = {
			isa = PBXNativeTarget;
			buildConfigurationList = FBAE25F50D3D0EC700FA8277 /* Build configuration list for PBXNativeTarget "Black" */;
			buildPhases = (
				FBAE25EC0D3D0EC700FA8277 /* Resources */,
				FBAE25ED0D3D0EC700FA8277 /* Sources */,
				FBAE25EE0D3D0EC700FA8277 /* Frameworks */,
			);
			buildRules = (
			);
			dependencies = (
				FBAE26010D3D0FE200FA8277 /* PBXTargetDependency */,
			);
			name = Black;
			productName = Black;
			productReference = FBAE25F00D3D0EC700FA8277 /* Black.pbview */;
			productType = "com.apple.product-type.bundle";
		};
/* End PBXNativeTarget section */

/* Begin PBXProject section */
		29B97313FDCFA39411CA2CEA /* Project object */ = {
			isa = PBXProject;
			buildConfigurationList = C01FCF4E08A954540054247B /* Build configuration list for PBXProject "PandoraBoy" */;
			compatibilityVersion = "Xcode 2.4";
			hasScannedForEncodings = 1;
			mainGroup = 29B97314FDCFA39411CA2CEA /* PandoraBoy */;
			projectDirPath = "";
			projectRoot = "";
			targets = (
				8D1107260486CEB800E47090 /* PandoraBoy */,
				FB8A817F0D3C26ED00A985A6 /* PandoraBoyPlugin */,
				FBAE25EF0D3D0EC700FA8277 /* Black */,
			);
		};
/* End PBXProject section */

/* Begin PBXResourcesBuildPhase section */
		8D1107290486CEB800E47090 /* Resources */ = {
			isa = PBXResourcesBuildPhase;
			buildActionMask = 2147483647;
			files = (
				8D11072A0486CEB800E47090 /* MainMenu.nib in Resources */,
				8D11072B0486CEB800E47090 /* InfoPlist.strings in Resources */,
				3D6946920AAC908900899D49 /* keyboardVals.plist in Resources */,
				3DDA242F0B74F64E00F500BD /* PandoraBoy.sdef in Resources */,
				3D04444A0B758EAE00F1BA8B /* PreferencesHotkeys.tiff in Resources */,
				3D04444B0B758EAE00F1BA8B /* lastfm.icns in Resources */,
				3D04444C0B758EAE00F1BA8B /* pandoraboy.icns in Resources */,
				3D04444D0B758EAE00F1BA8B /* thumbs_down.png in Resources */,
				3D04444E0B758EAE00F1BA8B /* thumbs_up.png in Resources */,
				FB3856AB0BC9919B005653C3 /* Localizable.strings in Resources */,
				FB6B5DE70CF9CA5600DEF3C9 /* SongNotification.html in Resources */,
				FBBAD6000CFFAB59002F4A67 /* Credits.rtf in Resources */,
				FBA24C4B0D0B0329003F7B70 /* play.gif in Resources */,
				FB732F540D203A97007E36B2 /* PandoraBoy.css in Resources */,
				FBCA06BB0D410DB70029D3B5 /* PreferencesHotkeys.nib in Resources */,
				FBCA07970D41C05C0029D3B5 /* PreferencesGeneral.nib in Resources */,
				FBCA079C0D41C09D0029D3B5 /* PreferencesFullScreen.nib in Resources */,
				FBCA08770D42B63C0029D3B5 /* Preferences.nib in Resources */,
				FB7F67030D43A799009A6161 /* PBTrackInfoCrawlWidget.qtz in Resources */,
				FB7F68110D443731009A6161 /* PandoraPreview.png in Resources */,
			);
			runOnlyForDeploymentPostprocessing = 0;
		};
		FB8A817C0D3C26ED00A985A6 /* Resources */ = {
			isa = PBXResourcesBuildPhase;
			buildActionMask = 2147483647;
			files = (
				FBAE25DB0D3D0DA500FA8277 /* PandoraBoyPlugin-Info.plist in Resources */,
			);
			runOnlyForDeploymentPostprocessing = 0;
		};
		FBAE25EC0D3D0EC700FA8277 /* Resources */ = {
			isa = PBXResourcesBuildPhase;
			buildActionMask = 2147483647;
			files = (
				FBAE25F70D3D0F8F00FA8277 /* Black-Info.plist in Resources */,
			);
			runOnlyForDeploymentPostprocessing = 0;
		};
/* End PBXResourcesBuildPhase section */

/* Begin PBXSourcesBuildPhase section */
		8D11072C0486CEB800E47090 /* Sources */ = {
			isa = PBXSourcesBuildPhase;
			buildActionMask = 2147483647;
			files = (
				8D11072D0486CEB800E47090 /* main.m in Sources */,
				3D7F771F0A9EB1DB004B0146 /* Controller.m in Sources */,
				3D6942430AA37A1300899D49 /* GrowlNotification.m in Sources */,
				3D6945320AAA19D300899D49 /* GlobalHotkey.m in Sources */,
				3D6946960AAC91DF00899D49 /* PreferencesWindowController.m in Sources */,
				3DDA24280B74F5D000F500BD /* Commands.m in Sources */,
				3D4400D10B758BC10022A3D7 /* CTGradient.m in Sources */,
				3D4400D30B758BC10022A3D7 /* SRCommon.m in Sources */,
				3D4400D50B758BC10022A3D7 /* SRKeyCodeTransformer.m in Sources */,
				3D4400D70B758BC10022A3D7 /* SRRecorderCell.m in Sources */,
				3D4400D90B758BC10022A3D7 /* SRRecorderControl.m in Sources */,
				3D4400DB0B758BC10022A3D7 /* SRValidator.m in Sources */,
				FBC365060BC9C1490052A3A9 /* Track.m in Sources */,
				FBF742030BD1C3AC007F85D5 /* Playlist.m in Sources */,
				FBA18D150CF5DEBF00CB424F /* PlaylistGuiController.m in Sources */,
				FB5301F50CF886650083F18C /* PlaylistURLProtocol.m in Sources */,
				FB4631400CFBA3500098407B /* ResourceURLProtocol.m in Sources */,
				FB4632680CFBBE830098407B /* ResourceURL.m in Sources */,
				FB27A1BB0CFF03A80038475D /* AppleRemote.m in Sources */,
				FB27A2120CFF9D6C0038475D /* HIDRemoteControlDevice.m in Sources */,
				FB27A2170CFF9DB90038475D /* RemoteControl.m in Sources */,
				FB936CB60D0108C9007AD10A /* ProxyURLProtocol.m in Sources */,
				FB936D6A0D01BB69007AD10A /* ArtworkURLProtocol.m in Sources */,
				FBC404330D039F0600B179F9 /* StationsURLProtocol.m in Sources */,
				FBC404460D03A22B00B179F9 /* StationList.m in Sources */,
				FBC404520D03A31600B179F9 /* Station.m in Sources */,
				FB6192770D0C9B7A00667BF3 /* PlayerController.m in Sources */,
				FBAA777A0D0E33A6006C957B /* FeedbackURLProtocol.m in Sources */,
				FBDBAC560D0F196100476C66 /* DistributedNotification.m in Sources */,
				FBC6878A0D3FF512002F42C4 /* PBFullScreenWindowController.m in Sources */,
				FBCA08570D42B28C0029D3B5 /* PreferencesPaneController.m in Sources */,
				FBA6A4350D42D8D20003234A /* FullScreenPreferencesController.m in Sources */,
			);
			runOnlyForDeploymentPostprocessing = 0;
		};
		FB8A817D0D3C26ED00A985A6 /* Sources */ = {
			isa = PBXSourcesBuildPhase;
			buildActionMask = 2147483647;
			files = (
				FB8A81870D3C272700A985A6 /* PBNotifications.m in Sources */,
				FB8A81880D3C272700A985A6 /* PBView.m in Sources */,
			);
			runOnlyForDeploymentPostprocessing = 0;
		};
		FBAE25ED0D3D0EC700FA8277 /* Sources */ = {
			isa = PBXSourcesBuildPhase;
			buildActionMask = 2147483647;
			files = (
				FBAE25F80D3D0F9C00FA8277 /* PBViewBlack.m in Sources */,
			);
			runOnlyForDeploymentPostprocessing = 0;
		};
/* End PBXSourcesBuildPhase section */

/* Begin PBXTargetDependency section */
		FB8A818D0D3C27AE00A985A6 /* PBXTargetDependency */ = {
			isa = PBXTargetDependency;
			target = FB8A817F0D3C26ED00A985A6 /* PandoraBoyPlugin */;
			targetProxy = FB8A818C0D3C27AE00A985A6 /* PBXContainerItemProxy */;
		};
		FBAE26010D3D0FE200FA8277 /* PBXTargetDependency */ = {
			isa = PBXTargetDependency;
			target = FB8A817F0D3C26ED00A985A6 /* PandoraBoyPlugin */;
			targetProxy = FBAE26000D3D0FE200FA8277 /* PBXContainerItemProxy */;
		};
		FBAE26030D3D0FE700FA8277 /* PBXTargetDependency */ = {
			isa = PBXTargetDependency;
			target = FBAE25EF0D3D0EC700FA8277 /* Black */;
			targetProxy = FBAE26020D3D0FE700FA8277 /* PBXContainerItemProxy */;
		};
/* End PBXTargetDependency section */

/* Begin PBXVariantGroup section */
		089C165CFE840E0CC02AAC07 /* InfoPlist.strings */ = {
			isa = PBXVariantGroup;
			children = (
				089C165DFE840E0CC02AAC07 /* English */,
			);
			name = InfoPlist.strings;
			sourceTree = "<group>";
		};
		29B97318FDCFA39411CA2CEA /* MainMenu.nib */ = {
			isa = PBXVariantGroup;
			children = (
				29B97319FDCFA39411CA2CEA /* English */,
			);
			name = MainMenu.nib;
			sourceTree = "<group>";
		};
		FB3856AA0BC9919B005653C3 /* Localizable.strings */ = {
			isa = PBXVariantGroup;
			children = (
				FB38569E0BC9913F005653C3 /* English */,
			);
			name = Localizable.strings;
			sourceTree = "<group>";
		};
		FBCA06BA0D410DB70029D3B5 /* PreferencesHotkeys.nib */ = {
			isa = PBXVariantGroup;
			children = (
				FBCA06B80D410DA70029D3B5 /* English */,
			);
			name = PreferencesHotkeys.nib;
			sourceTree = "<group>";
		};
		FBCA07960D41C05C0029D3B5 /* PreferencesGeneral.nib */ = {
			isa = PBXVariantGroup;
			children = (
				FBCA07940D41C0490029D3B5 /* English */,
			);
			name = PreferencesGeneral.nib;
			sourceTree = "<group>";
		};
		FBCA079B0D41C09D0029D3B5 /* PreferencesFullScreen.nib */ = {
			isa = PBXVariantGroup;
			children = (
				FBCA07990D41C0910029D3B5 /* English */,
			);
			name = PreferencesFullScreen.nib;
			sourceTree = "<group>";
		};
		FBCA08760D42B63C0029D3B5 /* Preferences.nib */ = {
			isa = PBXVariantGroup;
			children = (
				FBCA08740D42B6330029D3B5 /* English */,
			);
			name = Preferences.nib;
			sourceTree = "<group>";
		};
/* End PBXVariantGroup section */

/* Begin XCBuildConfiguration section */
		C01FCF4B08A954540054247B /* Debug */ = {
			isa = XCBuildConfiguration;
			buildSettings = {
				COPY_PHASE_STRIP = NO;
				FRAMEWORK_SEARCH_PATHS = (
					"$(inherited)",
					"$(FRAMEWORK_SEARCH_PATHS_QUOTED_1)",
					"$(FRAMEWORK_SEARCH_PATHS_QUOTED_2)",
					"$(FRAMEWORK_SEARCH_PATHS_QUOTED_3)",
					"$(FRAMEWORK_SEARCH_PATHS_QUOTED_4)",
					"$(FRAMEWORK_SEARCH_PATHS_QUOTED_2)",
					"$(FRAMEWORK_SEARCH_PATHS_QUOTED_5)",
					"$(FRAMEWORK_SEARCH_PATHS_QUOTED_6)",
					"$(FRAMEWORK_SEARCH_PATHS_QUOTED_7)",
					"$(FRAMEWORK_SEARCH_PATHS_QUOTED_8)",
					"$(FRAMEWORK_SEARCH_PATHS_QUOTED_9)",
					"$(FRAMEWORK_SEARCH_PATHS_QUOTED_FOR_TARGET_1)",
					"$(FRAMEWORK_SEARCH_PATHS_QUOTED_FOR_TARGET_2)",
				);
				FRAMEWORK_SEARCH_PATHS_QUOTED_1 = "\"$(SRCROOT)\"";
				FRAMEWORK_SEARCH_PATHS_QUOTED_FOR_TARGET_1 = "\"$(SYSTEM_LIBRARY_DIR)/Frameworks/Quartz.framework/Versions/A/Frameworks\"";
				FRAMEWORK_SEARCH_PATHS_QUOTED_FOR_TARGET_2 = "\"$(SRCROOT)/build/Debug\"";
				GCC_DYNAMIC_NO_PIC = NO;
				GCC_ENABLE_FIX_AND_CONTINUE = YES;
				GCC_ENABLE_OBJC_EXCEPTIONS = YES;
				GCC_MODEL_TUNING = G5;
				GCC_OPTIMIZATION_LEVEL = 0;
				GCC_TREAT_WARNINGS_AS_ERRORS = NO;
				INFOPLIST_FILE = Info.plist;
				INSTALL_PATH = "$(HOME)/Applications";
				LIBRARY_SEARCH_PATHS = (
					"$(inherited)",
					"$(LIBRARY_SEARCH_PATHS_QUOTED_1)",
				);
				OTHER_LDFLAGS = "-lcrypto";
				PRODUCT_NAME = PandoraBoy;
				WRAPPER_EXTENSION = app;
				ZERO_LINK = YES;
			};
			name = Debug;
		};
		C01FCF4C08A954540054247B /* Release */ = {
			isa = XCBuildConfiguration;
			buildSettings = {
				ARCHS = (
					i386,
					ppc,
				);
				FRAMEWORK_SEARCH_PATHS = (
					"$(inherited)",
					"$(FRAMEWORK_SEARCH_PATHS_QUOTED_1)",
					"$(FRAMEWORK_SEARCH_PATHS_QUOTED_2)",
					"$(FRAMEWORK_SEARCH_PATHS_QUOTED_3)",
					"$(FRAMEWORK_SEARCH_PATHS_QUOTED_4)",
					"$(FRAMEWORK_SEARCH_PATHS_QUOTED_2)",
					"$(FRAMEWORK_SEARCH_PATHS_QUOTED_5)",
					"$(FRAMEWORK_SEARCH_PATHS_QUOTED_6)",
					"$(FRAMEWORK_SEARCH_PATHS_QUOTED_7)",
					"$(FRAMEWORK_SEARCH_PATHS_QUOTED_8)",
					"$(FRAMEWORK_SEARCH_PATHS_QUOTED_9)",
					"$(FRAMEWORK_SEARCH_PATHS_QUOTED_FOR_TARGET_1)",
					"$(FRAMEWORK_SEARCH_PATHS_QUOTED_10)",
				);
				FRAMEWORK_SEARCH_PATHS_QUOTED_1 = "\"$(SRCROOT)\"";
				FRAMEWORK_SEARCH_PATHS_QUOTED_10 = "\"$(SRCROOT)/build/Debug\"";
				FRAMEWORK_SEARCH_PATHS_QUOTED_2 = "\"$(SYSTEM_DEVELOPER_DIR)/SDKs/MacOSX10.4u.sdk/System/Library/Frameworks\"";
				FRAMEWORK_SEARCH_PATHS_QUOTED_3 = "\"$(SYSTEM_DEVELOPER_DIR)/SDKs/MacOSX10.4u.sdk/System/Library/Frameworks\"";
				FRAMEWORK_SEARCH_PATHS_QUOTED_4 = "\"$(SYSTEM_DEVELOPER_DIR)/SDKs/MacOSX10.4u.sdk/System/Library/Frameworks\"";
				FRAMEWORK_SEARCH_PATHS_QUOTED_5 = "\"$(SRCROOT)\"";
				FRAMEWORK_SEARCH_PATHS_QUOTED_6 = "\"$(SRCROOT)\"";
				FRAMEWORK_SEARCH_PATHS_QUOTED_7 = "\"$(SYSTEM_LIBRARY_DIR)/Frameworks/Quartz.framework/Frameworks\"";
				FRAMEWORK_SEARCH_PATHS_QUOTED_8 = "\"$(SYSTEM_DEVELOPER_DIR)/SDKs/MacOSX10.4u.sdk/System/Library/Frameworks\"";
				FRAMEWORK_SEARCH_PATHS_QUOTED_9 = "\"$(SYSTEM_DEVELOPER_DIR)/SDKs/MacOSX10.4u.sdk/System/Library/Frameworks/Quartz.framework/Frameworks\"";
				FRAMEWORK_SEARCH_PATHS_QUOTED_FOR_TARGET_1 = "\"$(SYSTEM_LIBRARY_DIR)/Frameworks/Quartz.framework/Versions/A/Frameworks\"";
				GCC_ENABLE_OBJC_EXCEPTIONS = YES;
				GCC_GENERATE_DEBUGGING_SYMBOLS = NO;
				GCC_MODEL_TUNING = G5;
				GCC_TREAT_WARNINGS_AS_ERRORS = YES;
				GENERATE_MASTER_OBJECT_FILE = NO;
				INFOPLIST_FILE = Info.plist;
				INSTALL_PATH = "$(HOME)/Applications";
				LIBRARY_SEARCH_PATHS = (
					"$(inherited)",
					"$(LIBRARY_SEARCH_PATHS_QUOTED_1)",
				);
				LIBRARY_SEARCH_PATHS_QUOTED_1 = "\"$(SRCROOT)\"";
				OTHER_LDFLAGS = "-lcrypto";
				PRODUCT_NAME = PandoraBoy;
				WRAPPER_EXTENSION = app;
			};
			name = Release;
		};
		C01FCF4F08A954540054247B /* Debug */ = {
			isa = XCBuildConfiguration;
			buildSettings = {
				GCC_TREAT_WARNINGS_AS_ERRORS = NO;
				GCC_WARN_ABOUT_RETURN_TYPE = YES;
				GCC_WARN_UNUSED_VARIABLE = YES;
				PREBINDING = NO;
				SDKROOT = /Developer/SDKs/MacOSX10.4u.sdk;
			};
			name = Debug;
		};
		C01FCF5008A954540054247B /* Release */ = {
			isa = XCBuildConfiguration;
			buildSettings = {
				GCC_WARN_ABOUT_RETURN_TYPE = YES;
				GCC_WARN_UNUSED_VARIABLE = YES;
				PREBINDING = NO;
				SDKROOT = /Developer/SDKs/MacOSX10.4u.sdk;
			};
			name = Release;
		};
		FB8A81820D3C26EE00A985A6 /* Debug */ = {
			isa = XCBuildConfiguration;
			buildSettings = {
				COPY_PHASE_STRIP = NO;
				DYLIB_COMPATIBILITY_VERSION = 1;
				DYLIB_CURRENT_VERSION = 1;
				FRAMEWORK_VERSION = A;
				GCC_DYNAMIC_NO_PIC = NO;
				GCC_ENABLE_FIX_AND_CONTINUE = YES;
				GCC_MODEL_TUNING = G5;
				GCC_OPTIMIZATION_LEVEL = 0;
				GCC_PRECOMPILE_PREFIX_HEADER = YES;
				GCC_PREFIX_HEADER = "$(SYSTEM_LIBRARY_DIR)/Frameworks/Carbon.framework/Headers/Carbon.h";
				INFOPLIST_FILE = "PandoraBoyPlugin-Info.plist";
				INSTALL_PATH = "@executable_path/../Frameworks";
				OTHER_LDFLAGS = (
					"-framework",
					Carbon,
				);
				PREBINDING = NO;
				PRODUCT_NAME = PandoraBoyPlugin;
				ZERO_LINK = YES;
			};
			name = Debug;
		};
		FB8A81830D3C26EE00A985A6 /* Release */ = {
			isa = XCBuildConfiguration;
			buildSettings = {
				ARCHS = (
					i386,
					ppc,
				);
				COPY_PHASE_STRIP = YES;
				DEBUG_INFORMATION_FORMAT = "dwarf-with-dsym";
				DYLIB_COMPATIBILITY_VERSION = 1;
				DYLIB_CURRENT_VERSION = 1;
				FRAMEWORK_VERSION = A;
				GCC_ENABLE_FIX_AND_CONTINUE = NO;
				GCC_MODEL_TUNING = G5;
				GCC_PRECOMPILE_PREFIX_HEADER = YES;
				GCC_PREFIX_HEADER = "$(SYSTEM_LIBRARY_DIR)/Frameworks/Carbon.framework/Headers/Carbon.h";
				INFOPLIST_FILE = "PandoraBoyPlugin-Info.plist";
				INSTALL_PATH = "$(HOME)/Library/Frameworks";
				OTHER_LDFLAGS = (
					"-framework",
					Carbon,
				);
				PREBINDING = NO;
				PRODUCT_NAME = PandoraBoyPlugin;
				ZERO_LINK = NO;
			};
			name = Release;
		};
		FBAE25F30D3D0EC700FA8277 /* Debug */ = {
			isa = XCBuildConfiguration;
			buildSettings = {
				COPY_PHASE_STRIP = NO;
				FRAMEWORK_SEARCH_PATHS = (
					"$(inherited)",
					"$(FRAMEWORK_SEARCH_PATHS_QUOTED_FOR_TARGET_1)",
				);
				FRAMEWORK_SEARCH_PATHS_QUOTED_FOR_TARGET_1 = "\"$(SYSTEM_LIBRARY_DIR)/Frameworks/Quartz.framework/Versions/A/Frameworks\"";
				GCC_DYNAMIC_NO_PIC = NO;
				GCC_ENABLE_FIX_AND_CONTINUE = YES;
				GCC_MODEL_TUNING = G5;
				GCC_OPTIMIZATION_LEVEL = 0;
				GCC_PRECOMPILE_PREFIX_HEADER = YES;
				GCC_PREFIX_HEADER = "$(SYSTEM_LIBRARY_DIR)/Frameworks/AppKit.framework/Headers/AppKit.h";
				INFOPLIST_FILE = "Black-Info.plist";
				INSTALL_PATH = "$(HOME)/Library/PandoraBoy/Views";
				OTHER_LDFLAGS = (
					"-framework",
					Foundation,
					"-framework",
					AppKit,
				);
				PREBINDING = NO;
				PRODUCT_NAME = Black;
				WRAPPER_EXTENSION = pbview;
				ZERO_LINK = YES;
			};
			name = Debug;
		};
		FBAE25F40D3D0EC700FA8277 /* Release */ = {
			isa = XCBuildConfiguration;
			buildSettings = {
				ARCHS = (
					i386,
					ppc,
				);
				COPY_PHASE_STRIP = YES;
				DEBUG_INFORMATION_FORMAT = "dwarf-with-dsym";
				FRAMEWORK_SEARCH_PATHS = (
					"$(inherited)",
					"$(FRAMEWORK_SEARCH_PATHS_QUOTED_FOR_TARGET_1)",
				);
				FRAMEWORK_SEARCH_PATHS_QUOTED_FOR_TARGET_1 = "\"$(SYSTEM_LIBRARY_DIR)/Frameworks/Quartz.framework/Versions/A/Frameworks\"";
				GCC_ENABLE_FIX_AND_CONTINUE = NO;
				GCC_MODEL_TUNING = G5;
				GCC_PRECOMPILE_PREFIX_HEADER = YES;
				GCC_PREFIX_HEADER = "$(SYSTEM_LIBRARY_DIR)/Frameworks/AppKit.framework/Headers/AppKit.h";
				INFOPLIST_FILE = "Black-Info.plist";
				INSTALL_PATH = "$(HOME)/Library/Bundles";
				OTHER_LDFLAGS = (
					"-framework",
					Foundation,
					"-framework",
					AppKit,
				);
				PREBINDING = NO;
				PRODUCT_NAME = Black;
				WRAPPER_EXTENSION = bundle;
				ZERO_LINK = NO;
			};
			name = Release;
		};
/* End XCBuildConfiguration section */

/* Begin XCConfigurationList section */
		C01FCF4A08A954540054247B /* Build configuration list for PBXNativeTarget "PandoraBoy" */ = {
			isa = XCConfigurationList;
			buildConfigurations = (
				C01FCF4B08A954540054247B /* Debug */,
				C01FCF4C08A954540054247B /* Release */,
			);
			defaultConfigurationIsVisible = 0;
			defaultConfigurationName = Release;
		};
		C01FCF4E08A954540054247B /* Build configuration list for PBXProject "PandoraBoy" */ = {
			isa = XCConfigurationList;
			buildConfigurations = (
				C01FCF4F08A954540054247B /* Debug */,
				C01FCF5008A954540054247B /* Release */,
			);
			defaultConfigurationIsVisible = 0;
			defaultConfigurationName = Release;
		};
		FB8A81840D3C26EE00A985A6 /* Build configuration list for PBXNativeTarget "PandoraBoyPlugin" */ = {
			isa = XCConfigurationList;
			buildConfigurations = (
				FB8A81820D3C26EE00A985A6 /* Debug */,
				FB8A81830D3C26EE00A985A6 /* Release */,
			);
			defaultConfigurationIsVisible = 0;
			defaultConfigurationName = Release;
		};
		FBAE25F50D3D0EC700FA8277 /* Build configuration list for PBXNativeTarget "Black" */ = {
			isa = XCConfigurationList;
			buildConfigurations = (
				FBAE25F30D3D0EC700FA8277 /* Debug */,
				FBAE25F40D3D0EC700FA8277 /* Release */,
			);
			defaultConfigurationIsVisible = 0;
			defaultConfigurationName = Release;
		};
/* End XCConfigurationList section */
	};
	rootObject = 29B97313FDCFA39411CA2CEA /* Project object */;
}
